<?xml version="1.0" encoding="UTF-8"?>
<Scheme
   LastUpgradeVersion = "2640"
   version = "1.7">
   <BuildAction
      parallelizeBuildables = "YES"
      buildImplicitDependencies = "YES"
      buildArchitectures = "Automatic">
      <PreActions>
         <ExecutionAction
            ActionType = "Xcode.IDEStandardExecutionActionsCore.ExecutionActionType.ShellScriptAction">
            <ActionContent
               title = "Check PgpMobile XCFramework"
               scriptText = "if [ ! -f &quot;${SRCROOT}/PgpMobile.xcframework/Info.plist&quot; ]; then&#10;    echo &quot;error: PgpMobile.xcframework is missing. Run ./build-xcframework.sh --release&quot;&#10;    exit 1&#10;fi&#10;">
               <EnvironmentBuildable>
                  <BuildableReference
                     BuildableIdentifier = "primary"
                     BlueprintIdentifier = "8054D4FD1FA30AED22F9BF1B"
                     BuildableName = "CypherAir.app"
                     BlueprintName = "CypherAir"
                     ReferencedContainer = "container:CypherAir.xcodeproj">
                  </BuildableReference>
               </EnvironmentBuildable>
            </ActionContent>
         </ExecutionAction>
         <ExecutionAction
            ActionType = "Xcode.IDEStandardExecutionActionsCore.ExecutionActionType.ShellScriptAction">
            <ActionContent
               title = "Validate App Store Candidate Release"
               scriptText = "set -euo pipefail&#10;&#10;METADATA_FILE=&quot;${TARGET_TEMP_DIR}/SourceComplianceOverrides.json&quot;&#10;mkdir -p &quot;${TARGET_TEMP_DIR}&quot;&#10;&#10;python3 &quot;${SRCROOT}/scripts/validate_app_store_candidate_release.py&quot; \&#10;    --repo-root &quot;${SRCROOT}&quot; \&#10;    --marketing-version &quot;${MARKETING_VERSION}&quot; \&#10;    --build-number &quot;${CURRENT_PROJECT_VERSION}&quot; \&#10;    --github-repository &quot;cypherair/cypherair&quot; \&#10;    --require-stable-release &quot;${SOURCE_COMPLIANCE_REQUIRE_STABLE_RELEASE:-NO}&quot; \&#10;    --output-metadata-file &quot;${METADATA_FILE}&quot;&#10;">
               <EnvironmentBuildable>
                  <BuildableReference
                     BuildableIdentifier = "primary"
                     BlueprintIdentifier = "8054D4FD1FA30AED22F9BF1B"
                     BuildableName = "CypherAir.app"
                     BlueprintName = "CypherAir"
                     ReferencedContainer = "container:CypherAir.xcodeproj">
                  </BuildableReference>
               </EnvironmentBuildable>
            </ActionContent>
         </ExecutionAction>
      </PreActions>
      <BuildActionEntries>
         <BuildActionEntry
            buildForTesting = "YES"
            buildForRunning = "YES"
            buildForProfiling = "YES"
            buildForArchiving = "YES"
            buildForAnalyzing = "YES">
            <BuildableReference
               BuildableIdentifier = "primary"
               BlueprintIdentifier = "8054D4FD1FA30AED22F9BF1B"
               BuildableName = "CypherAir.app"
               BlueprintName = "CypherAir"
               ReferencedContainer = "container:CypherAir.xcodeproj">
            </BuildableReference>
         </BuildActionEntry>
      </BuildActionEntries>
   </BuildAction>
   <TestAction
      buildConfiguration = "Debug"
      selectedDebuggerIdentifier = "Xcode.DebuggerFoundation.Debugger.LLDB"
      selectedLauncherIdentifier = "Xcode.DebuggerFoundation.Launcher.LLDB"
      shouldUseLaunchSchemeArgsEnv = "YES"
      shouldAutocreateTestPlan = "YES">
   </TestAction>
   <LaunchAction
      buildConfiguration = "Debug"
      selectedDebuggerIdentifier = "Xcode.DebuggerFoundation.Debugger.LLDB"
      selectedLauncherIdentifier = "Xcode.DebuggerFoundation.Launcher.LLDB"
      launchStyle = "0"
      useCustomWorkingDirectory = "NO"
      ignoresPersistentStateOnLaunch = "NO"
      debugDocumentVersioning = "YES"
      debugServiceExtension = "internal"
      allowLocationSimulation = "YES"
      queueDebuggingEnableBacktraceRecording = "Yes">
      <BuildableProductRunnable
         runnableDebuggingMode = "0">
         <BuildableReference
            BuildableIdentifier = "primary"
            BlueprintIdentifier = "8054D4FD1FA30AED22F9BF1B"
            BuildableName = "CypherAir.app"
            BlueprintName = "CypherAir"
            ReferencedContainer = "container:CypherAir.xcodeproj">
         </BuildableReference>
      </BuildableProductRunnable>
   </LaunchAction>
   <ProfileAction
      buildConfiguration = "Release"
      shouldUseLaunchSchemeArgsEnv = "YES"
      savedToolIdentifier = ""
      useCustomWorkingDirectory = "NO"
      debugDocumentVersioning = "YES">
      <BuildableProductRunnable
         runnableDebuggingMode = "0">
         <BuildableReference
            BuildableIdentifier = "primary"
            BlueprintIdentifier = "8054D4FD1FA30AED22F9BF1B"
            BuildableName = "CypherAir.app"
            BlueprintName = "CypherAir"
            ReferencedContainer = "container:CypherAir.xcodeproj">
         </BuildableReference>
      </BuildableProductRunnable>
   </ProfileAction>
   <AnalyzeAction
      buildConfiguration = "Debug">
   </AnalyzeAction>
   <ArchiveAction
      buildConfiguration = "AppStore Candidate Release"
      revealArchiveInOrganizer = "YES">
   </ArchiveAction>
</Scheme>
