// !$*UTF8*$!
{
	archiveVersion = 1;
	classes = {
	};
	objectVersion = 77;
	objects = {

/* Begin PBXBuildFile section */
		07BB58075398DDDF1125EDB2 /* AuthenticationEvaluable.swift in Sources */ = {isa = PBXBuildFile; fileRef = A444291AB7231CBA07E9C8CD /* AuthenticationEvaluable.swift */; };
		091B4000887E8EB8CEEC9995 /* AuthenticationManager.swift in Sources */ = {isa = PBXBuildFile; fileRef = 4F7A45988890FF1A2C03A4B8 /* AuthenticationManager.swift */; };
		0CE34DAE946FF6FC9777163E /* SecureEnclaveManager.swift in Sources */ = {isa = PBXBuildFile; fileRef = D35F4B8C8B4CAB4FB248E04F /* SecureEnclaveManager.swift */; };
		1550A8234C0473B09F20716F /* MockSecureEnclave.swift in Sources */ = {isa = PBXBuildFile; fileRef = 0FB40F8BED05EDFD21D30FC0 /* MockSecureEnclave.swift */; };
		174304A352D9A283F7CB3E53 /* KeychainManageable.swift in Sources */ = {isa = PBXBuildFile; fileRef = 9BDCB1737386048EAADF9840 /* KeychainManageable.swift */; };
		28B947F8AAAFFB1BF3B9F796 /* DeviceSecurityTests.swift in Sources */ = {isa = PBXBuildFile; fileRef = 6F3D4980908222124A478FD8 /* DeviceSecurityTests.swift */; };
		4DA245F5A994CBE9EAA3DE75 /* MemoryZeroingUtility.swift in Sources */ = {isa = PBXBuildFile; fileRef = 20424B6FAFC1A2F0D749144D /* MemoryZeroingUtility.swift */; };
		6F25017F340541D84E52FB11 /* MockAuthenticator.swift in Sources */ = {isa = PBXBuildFile; fileRef = 837DC6C22137DFF68E868353 /* MockAuthenticator.swift */; };
		91742FB968D0385CEB2081B7 /* MockKeychain.swift in Sources */ = {isa = PBXBuildFile; fileRef = 7990845AB81240EF6E852FF4 /* MockKeychain.swift */; };
		9247AAEC4846E2A9C01931EA /* pgp_mobile.swift in Sources */ = {isa = PBXBuildFile; fileRef = 46D02D77EE3905A586485B4F /* pgp_mobile.swift */; };
		9F4284F9BEE858C4C9110D9B /* CypherAirApp.swift in Sources */ = {isa = PBXBuildFile; fileRef = 560911E5832C74A71A2E6BEB /* CypherAirApp.swift */; };
		A8B4434FA49C1E1C1D83AB0D /* Data+Zeroing.swift in Sources */ = {isa = PBXBuildFile; fileRef = F2E74CB396D27D17F9B09FA7 /* Data+Zeroing.swift */; };
		B8462A44F4C7F182FE942E78 /* FFIIntegrationTests.swift in Sources */ = {isa = PBXBuildFile; fileRef = 6640F8252CB178C778859069 /* FFIIntegrationTests.swift */; };
		CB6546CBB702B1311AFEDEB3 /* KeychainManager.swift in Sources */ = {isa = PBXBuildFile; fileRef = 31AB481CBDFEDEA9D2D492D4 /* KeychainManager.swift */; };
		CE0064A02F6492D8008604AB /* KeyProfile+App.swift in Sources */ = {isa = PBXBuildFile; fileRef = CE00649F2F6492D8008604AB /* KeyProfile+App.swift */; };
		CE0064A22F6492D8008604AB /* PGPKeyIdentity.swift in Sources */ = {isa = PBXBuildFile; fileRef = CE0064A12F6492D8008604AB /* PGPKeyIdentity.swift */; };
		CE0064A42F6492D8008604AB /* Contact.swift in Sources */ = {isa = PBXBuildFile; fileRef = CE0064A32F6492D8008604AB /* Contact.swift */; };
		CE0064A62F6492D8008604AB /* AppConfiguration.swift in Sources */ = {isa = PBXBuildFile; fileRef = CE0064A52F6492D8008604AB /* AppConfiguration.swift */; };
		CE0064A82F6492FD008604AB /* CypherAirError.swift in Sources */ = {isa = PBXBuildFile; fileRef = CE0064A72F6492FD008604AB /* CypherAirError.swift */; };
		CE0064AA2F6492FD008604AB /* SignatureVerification.swift in Sources */ = {isa = PBXBuildFile; fileRef = CE0064A92F6492FD008604AB /* SignatureVerification.swift */; };
		CE0064AC2F649416008604AB /* KeyManagementService.swift in Sources */ = {isa = PBXBuildFile; fileRef = CE0064AB2F649416008604AB /* KeyManagementService.swift */; };
		CE0064AE2F649416008604AB /* ContactService.swift in Sources */ = {isa = PBXBuildFile; fileRef = CE0064AD2F649416008604AB /* ContactService.swift */; };
		CE0064B02F649416008604AB /* EncryptionService.swift in Sources */ = {isa = PBXBuildFile; fileRef = CE0064AF2F649416008604AB /* EncryptionService.swift */; };
		CE0064B22F649416008604AB /* DecryptionService.swift in Sources */ = {isa = PBXBuildFile; fileRef = CE0064B12F649416008604AB /* DecryptionService.swift */; };
		CE0064B42F649454008604AB /* SigningService.swift in Sources */ = {isa = PBXBuildFile; fileRef = CE0064B32F649454008604AB /* SigningService.swift */; };
		CE0064B62F649455008604AB /* QRService.swift in Sources */ = {isa = PBXBuildFile; fileRef = CE0064B52F649455008604AB /* QRService.swift */; };
		CE0064B82F649455008604AB /* SelfTestService.swift in Sources */ = {isa = PBXBuildFile; fileRef = CE0064B72F649455008604AB /* SelfTestService.swift */; };
		CE0064BA2F649539008604AB /* AppRoute.swift in Sources */ = {isa = PBXBuildFile; fileRef = CE0064B92F649539008604AB /* AppRoute.swift */; };
		CE0064BC2F64953A008604AB /* ContentView.swift in Sources */ = {isa = PBXBuildFile; fileRef = CE0064BB2F64953A008604AB /* ContentView.swift */; };
		CE0064BE2F64953B008604AB /* HomeView.swift in Sources */ = {isa = PBXBuildFile; fileRef = CE0064BD2F64953B008604AB /* HomeView.swift */; };
		CE0064C62F649576008604AB /* MyKeysView.swift in Sources */ = {isa = PBXBuildFile; fileRef = CE0064C52F649576008604AB /* MyKeysView.swift */; };
		CE0064C82F649576008604AB /* KeyGenerationView.swift in Sources */ = {isa = PBXBuildFile; fileRef = CE0064C72F649576008604AB /* KeyGenerationView.swift */; };
		CE0064CA2F649576008604AB /* KeyDetailView.swift in Sources */ = {isa = PBXBuildFile; fileRef = CE0064C92F649576008604AB /* KeyDetailView.swift */; };
		CE0064CC2F649576008604AB /* BackupKeyView.swift in Sources */ = {isa = PBXBuildFile; fileRef = CE0064CB2F649576008604AB /* BackupKeyView.swift */; };
		CE0064CE2F649576008604AB /* ImportKeyView.swift in Sources */ = {isa = PBXBuildFile; fileRef = CE0064CD2F649576008604AB /* ImportKeyView.swift */; };
		CE0064D02F6495C2008604AB /* ContactsView.swift in Sources */ = {isa = PBXBuildFile; fileRef = CE0064CF2F6495C2008604AB /* ContactsView.swift */; };
		CE0064D22F6495C2008604AB /* ContactDetailView.swift in Sources */ = {isa = PBXBuildFile; fileRef = CE0064D12F6495C2008604AB /* ContactDetailView.swift */; };
		CE0064D42F6495C2008604AB /* AddContactView.swift in Sources */ = {isa = PBXBuildFile; fileRef = CE0064D32F6495C2008604AB /* AddContactView.swift */; };
		CE0064D62F6495C2008604AB /* EncryptView.swift in Sources */ = {isa = PBXBuildFile; fileRef = CE0064D52F6495C2008604AB /* EncryptView.swift */; };
		CE0064D82F6495C2008604AB /* DecryptView.swift in Sources */ = {isa = PBXBuildFile; fileRef = CE0064D72F6495C2008604AB /* DecryptView.swift */; };
		CE0064DA2F6495C2008604AB /* SignView.swift in Sources */ = {isa = PBXBuildFile; fileRef = CE0064D92F6495C2008604AB /* SignView.swift */; };
		CE0064DC2F6495C3008604AB /* VerifyView.swift in Sources */ = {isa = PBXBuildFile; fileRef = CE0064DB2F6495C3008604AB /* VerifyView.swift */; };
		CE0064DE2F6495C3008604AB /* SettingsView.swift in Sources */ = {isa = PBXBuildFile; fileRef = CE0064DD2F6495C3008604AB /* SettingsView.swift */; };
		CE0064E02F6495C3008604AB /* SelfTestView.swift in Sources */ = {isa = PBXBuildFile; fileRef = CE0064DF2F6495C3008604AB /* SelfTestView.swift */; };
		CE0064E22F6495C3008604AB /* AboutView.swift in Sources */ = {isa = PBXBuildFile; fileRef = CE0064E12F6495C3008604AB /* AboutView.swift */; };
		CE0064E52F64972D008604AB /* PrivacyScreenModifier.swift in Sources */ = {isa = PBXBuildFile; fileRef = CE0064E42F64972D008604AB /* PrivacyScreenModifier.swift */; };
		CE0064E72F64972D008604AB /* QRDisplayView.swift in Sources */ = {isa = PBXBuildFile; fileRef = CE0064E62F64972D008604AB /* QRDisplayView.swift */; };
		CE0064E92F64972D008604AB /* QRPhotoImportView.swift in Sources */ = {isa = PBXBuildFile; fileRef = CE0064E82F64972D008604AB /* QRPhotoImportView.swift */; };
		CE0064EC2F64975C008604AB /* OnboardingView.swift in Sources */ = {isa = PBXBuildFile; fileRef = CE0064EB2F64975C008604AB /* OnboardingView.swift */; };
		CE0064F22F649F3F008604AB /* ImportConfirmView.swift in Sources */ = {isa = PBXBuildFile; fileRef = CE0064F12F649F3F008604AB /* ImportConfirmView.swift */; };
		CE0064F42F649FED008604AB /* KeyProfile+Codable.swift in Sources */ = {isa = PBXBuildFile; fileRef = CE0064F32F649FED008604AB /* KeyProfile+Codable.swift */; };
		CE0064F72F64B199008604AB /* TestHelpers.swift in Sources */ = {isa = PBXBuildFile; fileRef = CE0064F62F64B199008604AB /* TestHelpers.swift */; };
		CE0064F92F64B1C4008604AB /* QRServiceTests.swift in Sources */ = {isa = PBXBuildFile; fileRef = CE0064F82F64B1C4008604AB /* QRServiceTests.swift */; };
		CE0064FB2F64B1F4008604AB /* KeyManagementServiceTests.swift in Sources */ = {isa = PBXBuildFile; fileRef = CE0064FA2F64B1F4008604AB /* KeyManagementServiceTests.swift */; };
		CE0064FD2F64B219008604AB /* DecryptionServiceTests.swift in Sources */ = {isa = PBXBuildFile; fileRef = CE0064FC2F64B219008604AB /* DecryptionServiceTests.swift */; };
		CE0064FF2F64B248008604AB /* EncryptionServiceTests.swift in Sources */ = {isa = PBXBuildFile; fileRef = CE0064FE2F64B248008604AB /* EncryptionServiceTests.swift */; };
		CE0065012F64B26E008604AB /* SigningServiceTests.swift in Sources */ = {isa = PBXBuildFile; fileRef = CE0065002F64B26E008604AB /* SigningServiceTests.swift */; };
		CE0065032F64B29A008604AB /* ModelTests.swift in Sources */ = {isa = PBXBuildFile; fileRef = CE0065022F64B29A008604AB /* ModelTests.swift */; };
		CE0065052F64D0D5008604AB /* ContactServiceTests.swift in Sources */ = {isa = PBXBuildFile; fileRef = CE0065042F64D0D5008604AB /* ContactServiceTests.swift */; };
		CE0065072F64D9B9008604AB /* FixtureLoader.swift in Sources */ = {isa = PBXBuildFile; fileRef = CE0065062F64D9B9008604AB /* FixtureLoader.swift */; };
		CE0065092F64DA10008604AB /* GnuPGInteropTests.swift in Sources */ = {isa = PBXBuildFile; fileRef = CE0065082F64DA10008604AB /* GnuPGInteropTests.swift */; };
		CE00650F2F6501E2008604AB /* PostGenerationPromptView.swift in Sources */ = {isa = PBXBuildFile; fileRef = CE00650E2F6501E2008604AB /* PostGenerationPromptView.swift */; };
		CE0065172F652334008604AB /* AppIcon.icon in Resources */ = {isa = PBXBuildFile; fileRef = CE0065122F651C44008604AB /* AppIcon.icon */; };
		CE0065192F653CF4008604AB /* Data+TempFile.swift in Sources */ = {isa = PBXBuildFile; fileRef = CE0065182F653CF4008604AB /* Data+TempFile.swift */; };
		CEE730DC2F62B5F6007CA4A8 /* MemoryInfoProvidable.swift in Sources */ = {isa = PBXBuildFile; fileRef = CEE730DB2F62B5F6007CA4A8 /* MemoryInfoProvidable.swift */; };
		CEE730DE2F62B602007CA4A8 /* MockMemoryInfo.swift in Sources */ = {isa = PBXBuildFile; fileRef = CEE730DD2F62B602007CA4A8 /* MockMemoryInfo.swift */; };
		CEE730E02F62B61A007CA4A8 /* Argon2idMemoryGuard.swift in Sources */ = {isa = PBXBuildFile; fileRef = CEE730DF2F62B61A007CA4A8 /* Argon2idMemoryGuard.swift */; };
		F0260E1FA58DA39B13A0AEDA /* SecureEnclaveManageable.swift in Sources */ = {isa = PBXBuildFile; fileRef = 28D527A8404F04C0FE814B11 /* SecureEnclaveManageable.swift */; };
/* End PBXBuildFile section */

/* Begin PBXContainerItemProxy section */
		32C730DD6EFCF294DA3EC493 /* PBXContainerItemProxy */ = {
			isa = PBXContainerItemProxy;
			containerPortal = 987D9FF41AF85DBF5445FC9C /* Project object */;
			proxyType = 1;
			remoteGlobalIDString = 8054D4FD1FA30AED22F9BF1B;
			remoteInfo = CypherAir;
		};
/* End PBXContainerItemProxy section */

/* Begin PBXFileReference section */
		0FB40F8BED05EDFD21D30FC0 /* MockSecureEnclave.swift */ = {isa = PBXFileReference; lastKnownFileType = sourcecode.swift; path = MockSecureEnclave.swift; sourceTree = "<group>"; };
		108F8485D41E1065D3C9268A /* CypherAirTests.xctest */ = {isa = PBXFileReference; explicitFileType = wrapper.cfbundle; includeInIndex = 0; path = CypherAirTests.xctest; sourceTree = BUILT_PRODUCTS_DIR; };
		20424B6FAFC1A2F0D749144D /* MemoryZeroingUtility.swift */ = {isa = PBXFileReference; lastKnownFileType = sourcecode.swift; name = MemoryZeroingUtility.swift; path = Sources/Security/MemoryZeroingUtility.swift; sourceTree = SOURCE_ROOT; };
		28D527A8404F04C0FE814B11 /* SecureEnclaveManageable.swift */ = {isa = PBXFileReference; lastKnownFileType = sourcecode.swift; path = SecureEnclaveManageable.swift; sourceTree = "<group>"; };
		31AB481CBDFEDEA9D2D492D4 /* KeychainManager.swift */ = {isa = PBXFileReference; lastKnownFileType = sourcecode.swift; name = KeychainManager.swift; path = Sources/Security/KeychainManager.swift; sourceTree = SOURCE_ROOT; };
		46D02D77EE3905A586485B4F /* pgp_mobile.swift */ = {isa = PBXFileReference; lastKnownFileType = sourcecode.swift; path = pgp_mobile.swift; sourceTree = "<group>"; };
		4F7A45988890FF1A2C03A4B8 /* AuthenticationManager.swift */ = {isa = PBXFileReference; lastKnownFileType = sourcecode.swift; name = AuthenticationManager.swift; path = Sources/Security/AuthenticationManager.swift; sourceTree = SOURCE_ROOT; };
		560911E5832C74A71A2E6BEB /* CypherAirApp.swift */ = {isa = PBXFileReference; lastKnownFileType = sourcecode.swift; path = CypherAirApp.swift; sourceTree = "<group>"; };
		6640F8252CB178C778859069 /* FFIIntegrationTests.swift */ = {isa = PBXFileReference; lastKnownFileType = sourcecode.swift; path = FFIIntegrationTests.swift; sourceTree = "<group>"; };
		6F3D4980908222124A478FD8 /* DeviceSecurityTests.swift */ = {isa = PBXFileReference; lastKnownFileType = sourcecode.swift; name = DeviceSecurityTests.swift; path = Tests/DeviceSecurityTests/DeviceSecurityTests.swift; sourceTree = SOURCE_ROOT; };
		7990845AB81240EF6E852FF4 /* MockKeychain.swift */ = {isa = PBXFileReference; lastKnownFileType = sourcecode.swift; path = MockKeychain.swift; sourceTree = "<group>"; };
		837DC6C22137DFF68E868353 /* MockAuthenticator.swift */ = {isa = PBXFileReference; lastKnownFileType = sourcecode.swift; path = MockAuthenticator.swift; sourceTree = "<group>"; };
		9379668011500E781695A4AC /* CypherAir.app */ = {isa = PBXFileReference; explicitFileType = wrapper.application; includeInIndex = 0; path = CypherAir.app; sourceTree = BUILT_PRODUCTS_DIR; };
		9BDCB1737386048EAADF9840 /* KeychainManageable.swift */ = {isa = PBXFileReference; lastKnownFileType = sourcecode.swift; path = KeychainManageable.swift; sourceTree = "<group>"; };
		A444291AB7231CBA07E9C8CD /* AuthenticationEvaluable.swift */ = {isa = PBXFileReference; lastKnownFileType = sourcecode.swift; path = AuthenticationEvaluable.swift; sourceTree = "<group>"; };
		CE00649F2F6492D8008604AB /* KeyProfile+App.swift */ = {isa = PBXFileReference; lastKnownFileType = sourcecode.swift; path = "KeyProfile+App.swift"; sourceTree = "<group>"; };
		CE0064A12F6492D8008604AB /* PGPKeyIdentity.swift */ = {isa = PBXFileReference; lastKnownFileType = sourcecode.swift; path = PGPKeyIdentity.swift; sourceTree = "<group>"; };
		CE0064A32F6492D8008604AB /* Contact.swift */ = {isa = PBXFileReference; lastKnownFileType = sourcecode.swift; path = Contact.swift; sourceTree = "<group>"; };
		CE0064A52F6492D8008604AB /* AppConfiguration.swift */ = {isa = PBXFileReference; lastKnownFileType = sourcecode.swift; path = AppConfiguration.swift; sourceTree = "<group>"; };
		CE0064A72F6492FD008604AB /* CypherAirError.swift */ = {isa = PBXFileReference; lastKnownFileType = sourcecode.swift; path = CypherAirError.swift; sourceTree = "<group>"; };
		CE0064A92F6492FD008604AB /* SignatureVerification.swift */ = {isa = PBXFileReference; lastKnownFileType = sourcecode.swift; path = SignatureVerification.swift; sourceTree = "<group>"; };
		CE0064AB2F649416008604AB /* KeyManagementService.swift */ = {isa = PBXFileReference; lastKnownFileType = sourcecode.swift; path = KeyManagementService.swift; sourceTree = "<group>"; };
		CE0064AD2F649416008604AB /* ContactService.swift */ = {isa = PBXFileReference; lastKnownFileType = sourcecode.swift; path = ContactService.swift; sourceTree = "<group>"; };
		CE0064AF2F649416008604AB /* EncryptionService.swift */ = {isa = PBXFileReference; lastKnownFileType = sourcecode.swift; path = EncryptionService.swift; sourceTree = "<group>"; };
		CE0064B12F649416008604AB /* DecryptionService.swift */ = {isa = PBXFileReference; lastKnownFileType = sourcecode.swift; path = DecryptionService.swift; sourceTree = "<group>"; };
		CE0064B32F649454008604AB /* SigningService.swift */ = {isa = PBXFileReference; lastKnownFileType = sourcecode.swift; path = SigningService.swift; sourceTree = "<group>"; };
		CE0064B52F649455008604AB /* QRService.swift */ = {isa = PBXFileReference; lastKnownFileType = sourcecode.swift; path = QRService.swift; sourceTree = "<group>"; };
		CE0064B72F649455008604AB /* SelfTestService.swift */ = {isa = PBXFileReference; lastKnownFileType = sourcecode.swift; path = SelfTestService.swift; sourceTree = "<group>"; };
		CE0064B92F649539008604AB /* AppRoute.swift */ = {isa = PBXFileReference; lastKnownFileType = sourcecode.swift; path = AppRoute.swift; sourceTree = "<group>"; };
		CE0064BB2F64953A008604AB /* ContentView.swift */ = {isa = PBXFileReference; lastKnownFileType = sourcecode.swift; path = ContentView.swift; sourceTree = "<group>"; };
		CE0064BD2F64953B008604AB /* HomeView.swift */ = {isa = PBXFileReference; lastKnownFileType = sourcecode.swift; path = HomeView.swift; sourceTree = "<group>"; };
		CE0064C52F649576008604AB /* MyKeysView.swift */ = {isa = PBXFileReference; lastKnownFileType = sourcecode.swift; path = MyKeysView.swift; sourceTree = "<group>"; };
		CE0064C72F649576008604AB /* KeyGenerationView.swift */ = {isa = PBXFileReference; lastKnownFileType = sourcecode.swift; path = KeyGenerationView.swift; sourceTree = "<group>"; };
		CE0064C92F649576008604AB /* KeyDetailView.swift */ = {isa = PBXFileReference; lastKnownFileType = sourcecode.swift; path = KeyDetailView.swift; sourceTree = "<group>"; };
		CE0064CB2F649576008604AB /* BackupKeyView.swift */ = {isa = PBXFileReference; lastKnownFileType = sourcecode.swift; path = BackupKeyView.swift; sourceTree = "<group>"; };
		CE0064CD2F649576008604AB /* ImportKeyView.swift */ = {isa = PBXFileReference; lastKnownFileType = sourcecode.swift; path = ImportKeyView.swift; sourceTree = "<group>"; };
		CE0064CF2F6495C2008604AB /* ContactsView.swift */ = {isa = PBXFileReference; lastKnownFileType = sourcecode.swift; path = ContactsView.swift; sourceTree = "<group>"; };
		CE0064D12F6495C2008604AB /* ContactDetailView.swift */ = {isa = PBXFileReference; lastKnownFileType = sourcecode.swift; path = ContactDetailView.swift; sourceTree = "<group>"; };
		CE0064D32F6495C2008604AB /* AddContactView.swift */ = {isa = PBXFileReference; lastKnownFileType = sourcecode.swift; path = AddContactView.swift; sourceTree = "<group>"; };
		CE0064D52F6495C2008604AB /* EncryptView.swift */ = {isa = PBXFileReference; lastKnownFileType = sourcecode.swift; path = EncryptView.swift; sourceTree = "<group>"; };
		CE0064D72F6495C2008604AB /* DecryptView.swift */ = {isa = PBXFileReference; lastKnownFileType = sourcecode.swift; path = DecryptView.swift; sourceTree = "<group>"; };
		CE0064D92F6495C2008604AB /* SignView.swift */ = {isa = PBXFileReference; lastKnownFileType = sourcecode.swift; path = SignView.swift; sourceTree = "<group>"; };
		CE0064DB2F6495C3008604AB /* VerifyView.swift */ = {isa = PBXFileReference; lastKnownFileType = sourcecode.swift; path = VerifyView.swift; sourceTree = "<group>"; };
		CE0064DD2F6495C3008604AB /* SettingsView.swift */ = {isa = PBXFileReference; lastKnownFileType = sourcecode.swift; path = SettingsView.swift; sourceTree = "<group>"; };
		CE0064DF2F6495C3008604AB /* SelfTestView.swift */ = {isa = PBXFileReference; lastKnownFileType = sourcecode.swift; path = SelfTestView.swift; sourceTree = "<group>"; };
		CE0064E12F6495C3008604AB /* AboutView.swift */ = {isa = PBXFileReference; lastKnownFileType = sourcecode.swift; path = AboutView.swift; sourceTree = "<group>"; };
		CE0064E42F64972D008604AB /* PrivacyScreenModifier.swift */ = {isa = PBXFileReference; lastKnownFileType = sourcecode.swift; path = PrivacyScreenModifier.swift; sourceTree = "<group>"; };
		CE0064E62F64972D008604AB /* QRDisplayView.swift */ = {isa = PBXFileReference; lastKnownFileType = sourcecode.swift; path = QRDisplayView.swift; sourceTree = "<group>"; };
		CE0064E82F64972D008604AB /* QRPhotoImportView.swift */ = {isa = PBXFileReference; lastKnownFileType = sourcecode.swift; path = QRPhotoImportView.swift; sourceTree = "<group>"; };
		CE0064EB2F64975C008604AB /* OnboardingView.swift */ = {isa = PBXFileReference; lastKnownFileType = sourcecode.swift; path = OnboardingView.swift; sourceTree = "<group>"; };
		CE0064F12F649F3F008604AB /* ImportConfirmView.swift */ = {isa = PBXFileReference; lastKnownFileType = sourcecode.swift; path = ImportConfirmView.swift; sourceTree = "<group>"; };
		CE0064F32F649FED008604AB /* KeyProfile+Codable.swift */ = {isa = PBXFileReference; lastKnownFileType = sourcecode.swift; path = "KeyProfile+Codable.swift"; sourceTree = "<group>"; };
		CE0064F62F64B199008604AB /* TestHelpers.swift */ = {isa = PBXFileReference; lastKnownFileType = sourcecode.swift; path = TestHelpers.swift; sourceTree = "<group>"; };
		CE0064F82F64B1C4008604AB /* QRServiceTests.swift */ = {isa = PBXFileReference; lastKnownFileType = sourcecode.swift; path = QRServiceTests.swift; sourceTree = "<group>"; };
		CE0064FA2F64B1F4008604AB /* KeyManagementServiceTests.swift */ = {isa = PBXFileReference; lastKnownFileType = sourcecode.swift; path = KeyManagementServiceTests.swift; sourceTree = "<group>"; };
		CE0064FC2F64B219008604AB /* DecryptionServiceTests.swift */ = {isa = PBXFileReference; lastKnownFileType = sourcecode.swift; path = DecryptionServiceTests.swift; sourceTree = "<group>"; };
		CE0064FE2F64B248008604AB /* EncryptionServiceTests.swift */ = {isa = PBXFileReference; lastKnownFileType = sourcecode.swift; path = EncryptionServiceTests.swift; sourceTree = "<group>"; };
		CE0065002F64B26E008604AB /* SigningServiceTests.swift */ = {isa = PBXFileReference; lastKnownFileType = sourcecode.swift; path = SigningServiceTests.swift; sourceTree = "<group>"; };
		CE0065022F64B29A008604AB /* ModelTests.swift */ = {isa = PBXFileReference; lastKnownFileType = sourcecode.swift; path = ModelTests.swift; sourceTree = "<group>"; };
		CE0065042F64D0D5008604AB /* ContactServiceTests.swift */ = {isa = PBXFileReference; lastKnownFileType = sourcecode.swift; path = ContactServiceTests.swift; sourceTree = "<group>"; };
		CE0065062F64D9B9008604AB /* FixtureLoader.swift */ = {isa = PBXFileReference; lastKnownFileType = sourcecode.swift; path = FixtureLoader.swift; sourceTree = "<group>"; };
		CE0065082F64DA10008604AB /* GnuPGInteropTests.swift */ = {isa = PBXFileReference; lastKnownFileType = sourcecode.swift; path = GnuPGInteropTests.swift; sourceTree = "<group>"; };
		CE00650E2F6501E2008604AB /* PostGenerationPromptView.swift */ = {isa = PBXFileReference; lastKnownFileType = sourcecode.swift; path = PostGenerationPromptView.swift; sourceTree = "<group>"; };
		CE0065102F6502B4008604AB /* CypherAir-Info.plist */ = {isa = PBXFileReference; lastKnownFileType = text.plist; path = "CypherAir-Info.plist"; sourceTree = "<group>"; };
		CE0065122F651C44008604AB /* AppIcon.icon */ = {isa = PBXFileReference; lastKnownFileType = folder.iconcomposer.icon; path = AppIcon.icon; sourceTree = "<group>"; };
		CE0065182F653CF4008604AB /* Data+TempFile.swift */ = {isa = PBXFileReference; lastKnownFileType = sourcecode.swift; path = "Data+TempFile.swift"; sourceTree = "<group>"; };
		CEE730DB2F62B5F6007CA4A8 /* MemoryInfoProvidable.swift */ = {isa = PBXFileReference; lastKnownFileType = sourcecode.swift; path = MemoryInfoProvidable.swift; sourceTree = "<group>"; };
		CEE730DD2F62B602007CA4A8 /* MockMemoryInfo.swift */ = {isa = PBXFileReference; lastKnownFileType = sourcecode.swift; path = MockMemoryInfo.swift; sourceTree = "<group>"; };
		CEE730DF2F62B61A007CA4A8 /* Argon2idMemoryGuard.swift */ = {isa = PBXFileReference; lastKnownFileType = sourcecode.swift; path = Argon2idMemoryGuard.swift; sourceTree = "<group>"; };
		D35F4B8C8B4CAB4FB248E04F /* SecureEnclaveManager.swift */ = {isa = PBXFileReference; lastKnownFileType = sourcecode.swift; name = SecureEnclaveManager.swift; path = Sources/Security/SecureEnclaveManager.swift; sourceTree = SOURCE_ROOT; };
		F2E74CB396D27D17F9B09FA7 /* Data+Zeroing.swift */ = {isa = PBXFileReference; lastKnownFileType = sourcecode.swift; name = "Data+Zeroing.swift"; path = "Sources/Extensions/Data+Zeroing.swift"; sourceTree = SOURCE_ROOT; };
/* End PBXFileReference section */

/* Begin PBXGroup section */
		7C5ACE182F45D1FBDBBA47F9 /* PgpMobile */ = {
			isa = PBXGroup;
			children = (
				46D02D77EE3905A586485B4F /* pgp_mobile.swift */,
			);
			path = PgpMobile;
			sourceTree = "<group>";
		};
		7C9F769E62E925ECA46373E6 = {
			isa = PBXGroup;
			children = (
				CE0065122F651C44008604AB /* AppIcon.icon */,
				CE0065102F6502B4008604AB /* CypherAir-Info.plist */,
				F3EC8935DF44293B377AB6CB /* Sources */,
				A1C9AAA2B5ED04BDA656105D /* Tests */,
				87A0C373A5702D60FD4DC48F /* Products */,
			);
			sourceTree = "<group>";
		};
		87A0C373A5702D60FD4DC48F /* Products */ = {
			isa = PBXGroup;
			children = (
				9379668011500E781695A4AC /* CypherAir.app */,
				108F8485D41E1065D3C9268A /* CypherAirTests.xctest */,
			);
			name = Products;
			sourceTree = "<group>";
		};
		88575B810543423FEB67AE78 /* App */ = {
			isa = PBXGroup;
			children = (
				560911E5832C74A71A2E6BEB /* CypherAirApp.swift */,
				CE0064B92F649539008604AB /* AppRoute.swift */,
				CE0064BB2F64953A008604AB /* ContentView.swift */,
				CE0064BD2F64953B008604AB /* HomeView.swift */,
				CE0064BF2F649542008604AB /* Keys */,
				CE0064C02F649542008604AB /* Contacts */,
				CE0064C12F649542008604AB /* Encrypt */,
				CE0064C22F649542008604AB /* Decrypt */,
				CE0064C32F649542008604AB /* Sign */,
				CE0064C42F649542008604AB /* Settings */,
				CE0064E32F64970D008604AB /* Common */,
				CE0064EA2F649730008604AB /* Onboarding */,
			);
			path = App;
			sourceTree = "<group>";
		};
		A1C9AAA2B5ED04BDA656105D /* Tests */ = {
			isa = PBXGroup;
			children = (
				EB25CBF841620099B863C9EF /* FFIIntegrationTests */,
				CE340E9D2F6323140047E290 /* DeviceSecurityTests */,
				CE0064F52F64B185008604AB /* ServiceTests */,
			);
			path = Tests;
			sourceTree = "<group>";
		};
		CB69DE072B594667995CB9C9 /* Security */ = {
			isa = PBXGroup;
			children = (
				D2A79E1E7BD6672E1EA9B80D /* Mocks */,
				4F7A45988890FF1A2C03A4B8 /* AuthenticationManager.swift */,
				31AB481CBDFEDEA9D2D492D4 /* KeychainManager.swift */,
				D35F4B8C8B4CAB4FB248E04F /* SecureEnclaveManager.swift */,
				20424B6FAFC1A2F0D749144D /* MemoryZeroingUtility.swift */,
				CEE730DF2F62B61A007CA4A8 /* Argon2idMemoryGuard.swift */,
				A444291AB7231CBA07E9C8CD /* AuthenticationEvaluable.swift */,
				9BDCB1737386048EAADF9840 /* KeychainManageable.swift */,
				28D527A8404F04C0FE814B11 /* SecureEnclaveManageable.swift */,
				CEE730DB2F62B5F6007CA4A8 /* MemoryInfoProvidable.swift */,
			);
			path = Security;
			sourceTree = "<group>";
		};
		CE00649D2F6492AF008604AB /* Models */ = {
			isa = PBXGroup;
			children = (
				CE00649F2F6492D8008604AB /* KeyProfile+App.swift */,
				CE0064A12F6492D8008604AB /* PGPKeyIdentity.swift */,
				CE0064A32F6492D8008604AB /* Contact.swift */,
				CE0064A52F6492D8008604AB /* AppConfiguration.swift */,
				CE0064A72F6492FD008604AB /* CypherAirError.swift */,
				CE0064A92F6492FD008604AB /* SignatureVerification.swift */,
			);
			path = Models;
			sourceTree = "<group>";
		};
		CE00649E2F6492AF008604AB /* Services */ = {
			isa = PBXGroup;
			children = (
				CE0064AB2F649416008604AB /* KeyManagementService.swift */,
				CE0064AD2F649416008604AB /* ContactService.swift */,
				CE0064AF2F649416008604AB /* EncryptionService.swift */,
				CE0064B12F649416008604AB /* DecryptionService.swift */,
				CE0064B32F649454008604AB /* SigningService.swift */,
				CE0064B52F649455008604AB /* QRService.swift */,
				CE0064B72F649455008604AB /* SelfTestService.swift */,
			);
			path = Services;
			sourceTree = "<group>";
		};
		CE0064BF2F649542008604AB /* Keys */ = {
			isa = PBXGroup;
			children = (
				CE0064C52F649576008604AB /* MyKeysView.swift */,
				CE0064C72F649576008604AB /* KeyGenerationView.swift */,
				CE0064C92F649576008604AB /* KeyDetailView.swift */,
				CE0064CB2F649576008604AB /* BackupKeyView.swift */,
				CE0064CD2F649576008604AB /* ImportKeyView.swift */,
				CE00650E2F6501E2008604AB /* PostGenerationPromptView.swift */,
			);
			path = Keys;
			sourceTree = "<group>";
		};
		CE0064C02F649542008604AB /* Contacts */ = {
			isa = PBXGroup;
			children = (
				CE0064CF2F6495C2008604AB /* ContactsView.swift */,
				CE0064D12F6495C2008604AB /* ContactDetailView.swift */,
				CE0064D32F6495C2008604AB /* AddContactView.swift */,
				CE0064E62F64972D008604AB /* QRDisplayView.swift */,
				CE0064E82F64972D008604AB /* QRPhotoImportView.swift */,
				CE0064F12F649F3F008604AB /* ImportConfirmView.swift */,
			);
			path = Contacts;
			sourceTree = "<group>";
		};
		CE0064C12F649542008604AB /* Encrypt */ = {
			isa = PBXGroup;
			children = (
				CE0064D52F6495C2008604AB /* EncryptView.swift */,
			);
			path = Encrypt;
			sourceTree = "<group>";
		};
		CE0064C22F649542008604AB /* Decrypt */ = {
			isa = PBXGroup;
			children = (
				CE0064D72F6495C2008604AB /* DecryptView.swift */,
			);
			path = Decrypt;
			sourceTree = "<group>";
		};
		CE0064C32F649542008604AB /* Sign */ = {
			isa = PBXGroup;
			children = (
				CE0064D92F6495C2008604AB /* SignView.swift */,
				CE0064DB2F6495C3008604AB /* VerifyView.swift */,
			);
			path = Sign;
			sourceTree = "<group>";
		};
		CE0064C42F649542008604AB /* Settings */ = {
			isa = PBXGroup;
			children = (
				CE0064DD2F6495C3008604AB /* SettingsView.swift */,
				CE0064DF2F6495C3008604AB /* SelfTestView.swift */,
				CE0064E12F6495C3008604AB /* AboutView.swift */,
			);
			path = Settings;
			sourceTree = "<group>";
		};
		CE0064E32F64970D008604AB /* Common */ = {
			isa = PBXGroup;
			children = (
				CE0064E42F64972D008604AB /* PrivacyScreenModifier.swift */,
			);
			path = Common;
			sourceTree = "<group>";
		};
		CE0064EA2F649730008604AB /* Onboarding */ = {
			isa = PBXGroup;
			children = (
				CE0064EB2F64975C008604AB /* OnboardingView.swift */,
			);
			path = Onboarding;
			sourceTree = "<group>";
		};
		CE0064F52F64B185008604AB /* ServiceTests */ = {
			isa = PBXGroup;
			children = (
				CE0064F62F64B199008604AB /* TestHelpers.swift */,
				CE0064F82F64B1C4008604AB /* QRServiceTests.swift */,
				CE0064FA2F64B1F4008604AB /* KeyManagementServiceTests.swift */,
				CE0064FC2F64B219008604AB /* DecryptionServiceTests.swift */,
				CE0064FE2F64B248008604AB /* EncryptionServiceTests.swift */,
				CE0065002F64B26E008604AB /* SigningServiceTests.swift */,
				CE0065022F64B29A008604AB /* ModelTests.swift */,
				CE0065042F64D0D5008604AB /* ContactServiceTests.swift */,
				CE0065062F64D9B9008604AB /* FixtureLoader.swift */,
				CE0065082F64DA10008604AB /* GnuPGInteropTests.swift */,
			);
			path = ServiceTests;
			sourceTree = "<group>";
		};
		CE00650C2F65009E008604AB /* Resources */ = {
			isa = PBXGroup;
			children = (
			);
			path = Resources;
			sourceTree = "<group>";
		};
		CE340E9C2F6323140047E290 /* Extensions */ = {
			isa = PBXGroup;
			children = (
				F2E74CB396D27D17F9B09FA7 /* Data+Zeroing.swift */,
				CE0064F32F649FED008604AB /* KeyProfile+Codable.swift */,
				CE0065182F653CF4008604AB /* Data+TempFile.swift */,
			);
			path = Extensions;
			sourceTree = "<group>";
		};
		CE340E9D2F6323140047E290 /* DeviceSecurityTests */ = {
			isa = PBXGroup;
			children = (
				6F3D4980908222124A478FD8 /* DeviceSecurityTests.swift */,
			);
			path = DeviceSecurityTests;
			sourceTree = "<group>";
		};
		D2A79E1E7BD6672E1EA9B80D /* Mocks */ = {
			isa = PBXGroup;
			children = (
				837DC6C22137DFF68E868353 /* MockAuthenticator.swift */,
				7990845AB81240EF6E852FF4 /* MockKeychain.swift */,
				0FB40F8BED05EDFD21D30FC0 /* MockSecureEnclave.swift */,
				CEE730DD2F62B602007CA4A8 /* MockMemoryInfo.swift */,
			);
			path = Mocks;
			sourceTree = "<group>";
		};
		EB25CBF841620099B863C9EF /* FFIIntegrationTests */ = {
			isa = PBXGroup;
			children = (
				6640F8252CB178C778859069 /* FFIIntegrationTests.swift */,
			);
			path = FFIIntegrationTests;
			sourceTree = "<group>";
		};
		F3EC8935DF44293B377AB6CB /* Sources */ = {
			isa = PBXGroup;
			children = (
				88575B810543423FEB67AE78 /* App */,
				7C5ACE182F45D1FBDBBA47F9 /* PgpMobile */,
				CB69DE072B594667995CB9C9 /* Security */,
				CE340E9C2F6323140047E290 /* Extensions */,
				CE00649D2F6492AF008604AB /* Models */,
				CE00649E2F6492AF008604AB /* Services */,
				CE00650C2F65009E008604AB /* Resources */,
			);
			path = Sources;
			sourceTree = "<group>";
		};
/* End PBXGroup section */

/* Begin PBXNativeTarget section */
		8054D4FD1FA30AED22F9BF1B /* CypherAir */ = {
			isa = PBXNativeTarget;
			buildConfigurationList = 04FFA0AC2AEDE901A06224E1 /* Build configuration list for PBXNativeTarget "CypherAir" */;
			buildPhases = (
				C1FB1E6897EF4454B406EDAF /* Sources */,
				CE0065162F65232F008604AB /* Resources */,
			);
			buildRules = (
			);
			dependencies = (
			);
			name = CypherAir;
			packageProductDependencies = (
			);
			productName = CypherAir;
			productReference = 9379668011500E781695A4AC /* CypherAir.app */;
			productType = "com.apple.product-type.application";
		};
		8561964DF0A7E2575A3799D6 /* CypherAirTests */ = {
			isa = PBXNativeTarget;
			buildConfigurationList = 5587EF2BB001B4E86E85C261 /* Build configuration list for PBXNativeTarget "CypherAirTests" */;
			buildPhases = (
				1242D2BD7FB363D9F6CBAB8A /* Sources */,
				CE00650B2F64DF16008604AB /* Copy GnuPG Fixture */,
			);
			buildRules = (
			);
			dependencies = (
				B51F50D442CECA0DC382B0B8 /* PBXTargetDependency */,
			);
			name = CypherAirTests;
			packageProductDependencies = (
			);
			productName = CypherAirTests;
			productReference = 108F8485D41E1065D3C9268A /* CypherAirTests.xctest */;
			productType = "com.apple.product-type.bundle.unit-test";
		};
/* End PBXNativeTarget section */

/* Begin PBXProject section */
		987D9FF41AF85DBF5445FC9C /* Project object */ = {
			isa = PBXProject;
			attributes = {
				BuildIndependentTargetsInParallel = YES;
				LastUpgradeCheck = 2630;
			};
			buildConfigurationList = 55F48F6BE6300530916BF414 /* Build configuration list for PBXProject "CypherAir" */;
			developmentRegion = en;
			hasScannedForEncodings = 0;
			knownRegions = (
				Base,
				en,
			);
			mainGroup = 7C9F769E62E925ECA46373E6;
			minimizedProjectReferenceProxies = 1;
			preferredProjectObjectVersion = 77;
			productRefGroup = 87A0C373A5702D60FD4DC48F /* Products */;
			projectDirPath = "";
			projectRoot = "";
			targets = (
				8054D4FD1FA30AED22F9BF1B /* CypherAir */,
				8561964DF0A7E2575A3799D6 /* CypherAirTests */,
			);
		};
/* End PBXProject section */

/* Begin PBXResourcesBuildPhase section */
		CE0065162F65232F008604AB /* Resources */ = {
			isa = PBXResourcesBuildPhase;
			buildActionMask = 2147483647;
			files = (
				CE0065172F652334008604AB /* AppIcon.icon in Resources */,
			);
			runOnlyForDeploymentPostprocessing = 0;
		};
/* End PBXResourcesBuildPhase section */

/* Begin PBXShellScriptBuildPhase section */
		CE00650B2F64DF16008604AB /* Copy GnuPG Fixture */ = {
			isa = PBXShellScriptBuildPhase;
			buildActionMask = 2147483647;
			files = (
			);
			inputFileListPaths = (
			);
			inputPaths = (
				"$(​SRCROOT)/pgp​-mobile​/tests​/fixtures",
			);
			name = "Copy GnuPG Fixture";
			outputFileListPaths = (
			);
			outputPaths = (
				"$(​TARGET​_​BUILD​_​DIR)/$(​UNLOCALIZED​_​RESOURCES​_​FOLDER​_​PATH)/​Fixtures\n",
			);
			runOnlyForDeploymentPostprocessing = 0;
			shellPath = /bin/sh;
			shellScript = "# Type a script or drag a script file from your workspace to insert its path.\nFIXTURE_SRC=\"${SRCROOT}/pgp-mobile/tests/fixtures\"\nFIXTURE_DST=\"${TARGET_BUILD_DIR}/${UNLOCALIZED_RESOURCES_FOLDER_PATH}/Fixtures\"\nmkdir -p \"$FIXTURE_DST\"\nfor ext in asc gpg sig txt; do\n    for f in \"$FIXTURE_SRC\"/*.\"$ext\"; do\n        [ -f \"$f\" ] && cp \"$f\" \"$FIXTURE_DST/\"\n    done\ndone\n";
		};
/* End PBXShellScriptBuildPhase section */

/* Begin PBXSourcesBuildPhase section */
		1242D2BD7FB363D9F6CBAB8A /* Sources */ = {
			isa = PBXSourcesBuildPhase;
			buildActionMask = 2147483647;
			files = (
				CE0065032F64B29A008604AB /* ModelTests.swift in Sources */,
				B8462A44F4C7F182FE942E78 /* FFIIntegrationTests.swift in Sources */,
				CE0065052F64D0D5008604AB /* ContactServiceTests.swift in Sources */,
				CE0065072F64D9B9008604AB /* FixtureLoader.swift in Sources */,
				28B947F8AAAFFB1BF3B9F796 /* DeviceSecurityTests.swift in Sources */,
				CE0064FD2F64B219008604AB /* DecryptionServiceTests.swift in Sources */,
				CE0064F92F64B1C4008604AB /* QRServiceTests.swift in Sources */,
				CE0064FF2F64B248008604AB /* EncryptionServiceTests.swift in Sources */,
				CE0064FB2F64B1F4008604AB /* KeyManagementServiceTests.swift in Sources */,
				CE0064F72F64B199008604AB /* TestHelpers.swift in Sources */,
				CE0065012F64B26E008604AB /* SigningServiceTests.swift in Sources */,
				CE0065092F64DA10008604AB /* GnuPGInteropTests.swift in Sources */,
			);
			runOnlyForDeploymentPostprocessing = 0;
		};
		C1FB1E6897EF4454B406EDAF /* Sources */ = {
			isa = PBXSourcesBuildPhase;
			buildActionMask = 2147483647;
			files = (
				07BB58075398DDDF1125EDB2 /* AuthenticationEvaluable.swift in Sources */,
				CE0064B42F649454008604AB /* SigningService.swift in Sources */,
				CE0064D82F6495C2008604AB /* DecryptView.swift in Sources */,
				CE0064B62F649455008604AB /* QRService.swift in Sources */,
				CE0064A42F6492D8008604AB /* Contact.swift in Sources */,
				CE0064E92F64972D008604AB /* QRPhotoImportView.swift in Sources */,
				9F4284F9BEE858C4C9110D9B /* CypherAirApp.swift in Sources */,
				CE0064E72F64972D008604AB /* QRDisplayView.swift in Sources */,
				174304A352D9A283F7CB3E53 /* KeychainManageable.swift in Sources */,
				6F25017F340541D84E52FB11 /* MockAuthenticator.swift in Sources */,
				91742FB968D0385CEB2081B7 /* MockKeychain.swift in Sources */,
				CE0064A62F6492D8008604AB /* AppConfiguration.swift in Sources */,
				1550A8234C0473B09F20716F /* MockSecureEnclave.swift in Sources */,
				CE0064DA2F6495C2008604AB /* SignView.swift in Sources */,
				CEE730E02F62B61A007CA4A8 /* Argon2idMemoryGuard.swift in Sources */,
				CE0064EC2F64975C008604AB /* OnboardingView.swift in Sources */,
				CE0064BC2F64953A008604AB /* ContentView.swift in Sources */,
				CE0064C62F649576008604AB /* MyKeysView.swift in Sources */,
				CE0064AA2F6492FD008604AB /* SignatureVerification.swift in Sources */,
				CE0064C82F649576008604AB /* KeyGenerationView.swift in Sources */,
				CE0064D02F6495C2008604AB /* ContactsView.swift in Sources */,
				CE0065192F653CF4008604AB /* Data+TempFile.swift in Sources */,
				CE0064BE2F64953B008604AB /* HomeView.swift in Sources */,
				CE0064E52F64972D008604AB /* PrivacyScreenModifier.swift in Sources */,
				CE0064A82F6492FD008604AB /* CypherAirError.swift in Sources */,
				CE0064D22F6495C2008604AB /* ContactDetailView.swift in Sources */,
				CEE730DC2F62B5F6007CA4A8 /* MemoryInfoProvidable.swift in Sources */,
				F0260E1FA58DA39B13A0AEDA /* SecureEnclaveManageable.swift in Sources */,
				CE0064A22F6492D8008604AB /* PGPKeyIdentity.swift in Sources */,
				CE0064D62F6495C2008604AB /* EncryptView.swift in Sources */,
				9247AAEC4846E2A9C01931EA /* pgp_mobile.swift in Sources */,
				CE0064B02F649416008604AB /* EncryptionService.swift in Sources */,
				CE0064CE2F649576008604AB /* ImportKeyView.swift in Sources */,
				CE00650F2F6501E2008604AB /* PostGenerationPromptView.swift in Sources */,
				CE0064F22F649F3F008604AB /* ImportConfirmView.swift in Sources */,
				CE0064F42F649FED008604AB /* KeyProfile+Codable.swift in Sources */,
				CE0064E22F6495C3008604AB /* AboutView.swift in Sources */,
				CE0064CA2F649576008604AB /* KeyDetailView.swift in Sources */,
				CE0064AC2F649416008604AB /* KeyManagementService.swift in Sources */,
				CE0064DE2F6495C3008604AB /* SettingsView.swift in Sources */,
				CE0064CC2F649576008604AB /* BackupKeyView.swift in Sources */,
				CE0064DC2F6495C3008604AB /* VerifyView.swift in Sources */,
				CE0064B82F649455008604AB /* SelfTestService.swift in Sources */,
				091B4000887E8EB8CEEC9995 /* AuthenticationManager.swift in Sources */,
				CEE730DE2F62B602007CA4A8 /* MockMemoryInfo.swift in Sources */,
				CE0064E02F6495C3008604AB /* SelfTestView.swift in Sources */,
				CE0064D42F6495C2008604AB /* AddContactView.swift in Sources */,
				CB6546CBB702B1311AFEDEB3 /* KeychainManager.swift in Sources */,
				CE0064B22F649416008604AB /* DecryptionService.swift in Sources */,
				0CE34DAE946FF6FC9777163E /* SecureEnclaveManager.swift in Sources */,
				CE0064AE2F649416008604AB /* ContactService.swift in Sources */,
				4DA245F5A994CBE9EAA3DE75 /* MemoryZeroingUtility.swift in Sources */,
				A8B4434FA49C1E1C1D83AB0D /* Data+Zeroing.swift in Sources */,
				CE0064A02F6492D8008604AB /* KeyProfile+App.swift in Sources */,
				CE0064BA2F649539008604AB /* AppRoute.swift in Sources */,
			);
			runOnlyForDeploymentPostprocessing = 0;
		};
/* End PBXSourcesBuildPhase section */

/* Begin PBXTargetDependency section */
		B51F50D442CECA0DC382B0B8 /* PBXTargetDependency */ = {
			isa = PBXTargetDependency;
			target = 8054D4FD1FA30AED22F9BF1B /* CypherAir */;
			targetProxy = 32C730DD6EFCF294DA3EC493 /* PBXContainerItemProxy */;
		};
/* End PBXTargetDependency section */

/* Begin XCBuildConfiguration section */
		318728F63CA0892A26F32057 /* Debug */ = {
			isa = XCBuildConfiguration;
			buildSettings = {
				BUNDLE_LOADER = "$(TEST_HOST)";
				DEVELOPMENT_TEAM = Y2ZPV6SKBT;
				GENERATE_INFOPLIST_FILE = YES;
				HEADER_SEARCH_PATHS = (
					"$(inherited)",
					"$(PROJECT_DIR)/bindings",
				);
				LD_RUNPATH_SEARCH_PATHS = (
					"$(inherited)",
					"@executable_path/Frameworks",
					"@loader_path/Frameworks",
				);
				OTHER_CFLAGS = (
					"$(inherited)",
					"-fmodule-map-file=$(PROJECT_DIR)/bindings/module.modulemap",
				);
				OTHER_SWIFT_FLAGS = "$(inherited) -Xcc -fmodule-map-file=$(PROJECT_DIR)/bindings/module.modulemap";
				PRODUCT_BUNDLE_IDENTIFIER = com.cypherair.tests;
				SDKROOT = iphoneos;
				SWIFT_INCLUDE_PATHS = "$(inherited) $(PROJECT_DIR)/bindings";
				TARGETED_DEVICE_FAMILY = "1,2";
				TEST_HOST = "$(BUILT_PRODUCTS_DIR)/CypherAir.app/$(BUNDLE_EXECUTABLE_FOLDER_PATH)/CypherAir";
			};
			name = Debug;
		};
		7238E936CABAED3287ACA9BE /* Release */ = {
			isa = XCBuildConfiguration;
			buildSettings = {
				BUNDLE_LOADER = "$(TEST_HOST)";
				DEVELOPMENT_TEAM = Y2ZPV6SKBT;
				GENERATE_INFOPLIST_FILE = YES;
				HEADER_SEARCH_PATHS = (
					"$(inherited)",
					"$(PROJECT_DIR)/bindings",
				);
				LD_RUNPATH_SEARCH_PATHS = (
					"$(inherited)",
					"@executable_path/Frameworks",
					"@loader_path/Frameworks",
				);
				OTHER_CFLAGS = (
					"$(inherited)",
					"-fmodule-map-file=$(PROJECT_DIR)/bindings/module.modulemap",
				);
				OTHER_SWIFT_FLAGS = "$(inherited) -Xcc -fmodule-map-file=$(PROJECT_DIR)/bindings/module.modulemap";
				PRODUCT_BUNDLE_IDENTIFIER = com.cypherair.tests;
				SDKROOT = iphoneos;
				SWIFT_INCLUDE_PATHS = "$(inherited) $(PROJECT_DIR)/bindings";
				TARGETED_DEVICE_FAMILY = "1,2";
				TEST_HOST = "$(BUILT_PRODUCTS_DIR)/CypherAir.app/$(BUNDLE_EXECUTABLE_FOLDER_PATH)/CypherAir";
			};
			name = Release;
		};
		9CFBA2EC9EDDA475993AE930 /* Release */ = {
			isa = XCBuildConfiguration;
			buildSettings = {
				ARCHS = "$(ARCHS_STANDARD)";
				ASSETCATALOG_COMPILER_APPICON_NAME = AppIcon;
				"CODE_SIGN_ENTITLEMENTS[sdk=*]" = CypherAir.entitlements;
				CODE_SIGN_IDENTITY = "iPhone Developer";
				CURRENT_PROJECT_VERSION = 1;
				DEVELOPMENT_TEAM = Y2ZPV6SKBT;
				ENABLE_CPLUSPLUS_BOUNDS_SAFE_BUFFERS = YES;
				ENABLE_C_BOUNDS_SAFETY = YES;
				ENABLE_ENHANCED_SECURITY = YES;
				ENABLE_POINTER_AUTHENTICATION = NO;
				GENERATE_INFOPLIST_FILE = YES;
				HEADER_SEARCH_PATHS = (
					"$(inherited)",
					"$(PROJECT_DIR)/bindings",
				);
				INFOPLIST_FILE = "CypherAir-Info.plist";
				INFOPLIST_KEY_CFBundleDisplayName = "Cypher Air";
				INFOPLIST_KEY_LSApplicationCategoryType = "public.app-category.utilities";
				INFOPLIST_KEY_NSFaceIDUsageDescription = "Cypher ​Air uses ​Face ​ID to protect your private keys.";
				INFOPLIST_KEY_NSHumanReadableCopyright = "Cypher Air";
				INFOPLIST_KEY_UILaunchScreen_Generation = YES;
				INFOPLIST_KEY_UILaunchStoryboardName = "";
				INFOPLIST_KEY_UIStatusBarStyle = "";
				INFOPLIST_KEY_UISupportedInterfaceOrientations = "UIInterfaceOrientationLandscapeLeft UIInterfaceOrientationLandscapeRight UIInterfaceOrientationPortrait UIInterfaceOrientationPortraitUpsideDown";
				LD_RUNPATH_SEARCH_PATHS = (
					"$(inherited)",
					"@executable_path/Frameworks",
				);
				LIBRARY_SEARCH_PATHS = "$(inherited)";
				"LIBRARY_SEARCH_PATHS[sdk=iphoneos*]" = (
					"$(inherited)",
					"$(PROJECT_DIR)/pgp-mobile/target/aarch64-apple-ios/release",
				);
				"LIBRARY_SEARCH_PATHS[sdk=iphonesimulator*]" = (
					"$(inherited)",
					"$(PROJECT_DIR)/pgp-mobile/target/aarch64-apple-ios-sim/release",
				);
				MACOSX_DEPLOYMENT_TARGET = 26.0;
				MARKETING_VERSION = 1.0;
				OTHER_CFLAGS = (
					"$(inherited)",
					"-fmodule-map-file=$(PROJECT_DIR)/bindings/module.modulemap",
				);
				OTHER_LDFLAGS = (
					"$(inherited)",
					"-lpgp_mobile",
				);
				OTHER_SWIFT_FLAGS = "$(inherited) -Xcc -fmodule-map-file=$(PROJECT_DIR)/bindings/module.modulemap";
				PRODUCT_BUNDLE_IDENTIFIER = com.cypherair.application;
				SDKROOT = iphoneos;
				SWIFT_INCLUDE_PATHS = "$(inherited) $(PROJECT_DIR)/bindings";
				SWIFT_OBJC_BRIDGING_HEADER = "";
				SWIFT_VERSION = 6.0;
				TARGETED_DEVICE_FAMILY = "1,2";
				TVOS_DEPLOYMENT_TARGET = 26.0;
				WATCHOS_DEPLOYMENT_TARGET = 26.0;
				XROS_DEPLOYMENT_TARGET = 26.0;
			};
			name = Release;
		};
		AA45A02A118F55C4CF92A72A /* Release */ = {
			isa = XCBuildConfiguration;
			buildSettings = {
				ALWAYS_SEARCH_USER_PATHS = NO;
				ARCHS = "$(ARCHS_STANDARD)";
				CLANG_ANALYZER_NONNULL = YES;
				CLANG_ANALYZER_NUMBER_OBJECT_CONVERSION = YES_AGGRESSIVE;
				CLANG_CXX_LANGUAGE_STANDARD = "gnu++14";
				CLANG_CXX_LIBRARY = "libc++";
				CLANG_ENABLE_MODULES = YES;
				CLANG_ENABLE_OBJC_ARC = YES;
				CLANG_ENABLE_OBJC_WEAK = YES;
				CLANG_WARN_BLOCK_CAPTURE_AUTORELEASING = YES;
				CLANG_WARN_BOOL_CONVERSION = YES;
				CLANG_WARN_COMMA = YES;
				CLANG_WARN_CONSTANT_CONVERSION = YES;
				CLANG_WARN_DEPRECATED_OBJC_IMPLEMENTATIONS = YES;
				CLANG_WARN_DIRECT_OBJC_ISA_USAGE = YES_ERROR;
				CLANG_WARN_DOCUMENTATION_COMMENTS = YES;
				CLANG_WARN_EMPTY_BODY = YES;
				CLANG_WARN_ENUM_CONVERSION = YES;
				CLANG_WARN_INFINITE_RECURSION = YES;
				CLANG_WARN_INT_CONVERSION = YES;
				CLANG_WARN_NON_LITERAL_NULL_CONVERSION = YES;
				CLANG_WARN_OBJC_IMPLICIT_RETAIN_SELF = YES;
				CLANG_WARN_OBJC_LITERAL_CONVERSION = YES;
				CLANG_WARN_OBJC_ROOT_CLASS = YES_ERROR;
				CLANG_WARN_QUOTED_INCLUDE_IN_FRAMEWORK_HEADER = YES;
				CLANG_WARN_RANGE_LOOP_ANALYSIS = YES;
				CLANG_WARN_STRICT_PROTOTYPES = YES;
				CLANG_WARN_SUSPICIOUS_MOVE = YES;
				CLANG_WARN_UNGUARDED_AVAILABILITY = YES_AGGRESSIVE;
				CLANG_WARN_UNREACHABLE_CODE = YES;
				CLANG_WARN__DUPLICATE_METHOD_MATCH = YES;
				COPY_PHASE_STRIP = NO;
				DEBUG_INFORMATION_FORMAT = "dwarf-with-dsym";
				ENABLE_CPLUSPLUS_BOUNDS_SAFE_BUFFERS = YES;
				ENABLE_C_BOUNDS_SAFETY = YES;
				ENABLE_ENHANCED_SECURITY = YES;
				ENABLE_NS_ASSERTIONS = NO;
				ENABLE_POINTER_AUTHENTICATION = NO;
				ENABLE_STRICT_OBJC_MSGSEND = YES;
				GCC_C_LANGUAGE_STANDARD = gnu11;
				GCC_NO_COMMON_BLOCKS = YES;
				GCC_WARN_64_TO_32_BIT_CONVERSION = YES;
				GCC_WARN_ABOUT_RETURN_TYPE = YES_ERROR;
				GCC_WARN_UNDECLARED_SELECTOR = YES;
				GCC_WARN_UNINITIALIZED_AUTOS = YES_AGGRESSIVE;
				GCC_WARN_UNUSED_FUNCTION = YES;
				GCC_WARN_UNUSED_VARIABLE = YES;
				IPHONEOS_DEPLOYMENT_TARGET = 26.2;
				MTL_ENABLE_DEBUG_INFO = NO;
				MTL_FAST_MATH = YES;
				PRODUCT_NAME = "$(TARGET_NAME)";
				SDKROOT = iphoneos;
				SWIFT_COMPILATION_MODE = wholemodule;
				SWIFT_OPTIMIZATION_LEVEL = "-O";
				SWIFT_VERSION = 6.2;
			};
			name = Release;
		};
		C323F444EE97F048F7C4938B /* Debug */ = {
			isa = XCBuildConfiguration;
			buildSettings = {
				ALWAYS_SEARCH_USER_PATHS = NO;
				ARCHS = "$(ARCHS_STANDARD)";
				CLANG_ANALYZER_NONNULL = YES;
				CLANG_ANALYZER_NUMBER_OBJECT_CONVERSION = YES_AGGRESSIVE;
				CLANG_CXX_LANGUAGE_STANDARD = "gnu++14";
				CLANG_CXX_LIBRARY = "libc++";
				CLANG_ENABLE_MODULES = YES;
				CLANG_ENABLE_OBJC_ARC = YES;
				CLANG_ENABLE_OBJC_WEAK = YES;
				CLANG_WARN_BLOCK_CAPTURE_AUTORELEASING = YES;
				CLANG_WARN_BOOL_CONVERSION = YES;
				CLANG_WARN_COMMA = YES;
				CLANG_WARN_CONSTANT_CONVERSION = YES;
				CLANG_WARN_DEPRECATED_OBJC_IMPLEMENTATIONS = YES;
				CLANG_WARN_DIRECT_OBJC_ISA_USAGE = YES_ERROR;
				CLANG_WARN_DOCUMENTATION_COMMENTS = YES;
				CLANG_WARN_EMPTY_BODY = YES;
				CLANG_WARN_ENUM_CONVERSION = YES;
				CLANG_WARN_INFINITE_RECURSION = YES;
				CLANG_WARN_INT_CONVERSION = YES;
				CLANG_WARN_NON_LITERAL_NULL_CONVERSION = YES;
				CLANG_WARN_OBJC_IMPLICIT_RETAIN_SELF = YES;
				CLANG_WARN_OBJC_LITERAL_CONVERSION = YES;
				CLANG_WARN_OBJC_ROOT_CLASS = YES_ERROR;
				CLANG_WARN_QUOTED_INCLUDE_IN_FRAMEWORK_HEADER = YES;
				CLANG_WARN_RANGE_LOOP_ANALYSIS = YES;
				CLANG_WARN_STRICT_PROTOTYPES = YES;
				CLANG_WARN_SUSPICIOUS_MOVE = YES;
				CLANG_WARN_UNGUARDED_AVAILABILITY = YES_AGGRESSIVE;
				CLANG_WARN_UNREACHABLE_CODE = YES;
				CLANG_WARN__DUPLICATE_METHOD_MATCH = YES;
				COPY_PHASE_STRIP = NO;
				DEBUG_INFORMATION_FORMAT = dwarf;
				ENABLE_CPLUSPLUS_BOUNDS_SAFE_BUFFERS = YES;
				ENABLE_C_BOUNDS_SAFETY = YES;
				ENABLE_ENHANCED_SECURITY = YES;
				ENABLE_POINTER_AUTHENTICATION = NO;
				ENABLE_STRICT_OBJC_MSGSEND = YES;
				ENABLE_TESTABILITY = YES;
				GCC_C_LANGUAGE_STANDARD = gnu11;
				GCC_DYNAMIC_NO_PIC = NO;
				GCC_NO_COMMON_BLOCKS = YES;
				GCC_OPTIMIZATION_LEVEL = 0;
				GCC_PREPROCESSOR_DEFINITIONS = (
					"$(inherited)",
					"DEBUG=1",
				);
				GCC_WARN_64_TO_32_BIT_CONVERSION = YES;
				GCC_WARN_ABOUT_RETURN_TYPE = YES_ERROR;
				GCC_WARN_UNDECLARED_SELECTOR = YES;
				GCC_WARN_UNINITIALIZED_AUTOS = YES_AGGRESSIVE;
				GCC_WARN_UNUSED_FUNCTION = YES;
				GCC_WARN_UNUSED_VARIABLE = YES;
				IPHONEOS_DEPLOYMENT_TARGET = 26.2;
				MTL_ENABLE_DEBUG_INFO = INCLUDE_SOURCE;
				MTL_FAST_MATH = YES;
				ONLY_ACTIVE_ARCH = YES;
				PRODUCT_NAME = "$(TARGET_NAME)";
				SDKROOT = iphoneos;
				SWIFT_ACTIVE_COMPILATION_CONDITIONS = DEBUG;
				SWIFT_OPTIMIZATION_LEVEL = "-Onone";
				SWIFT_VERSION = 6.2;
			};
			name = Debug;
		};
		C4095C3642D041F59C91EDF2 /* Debug */ = {
			isa = XCBuildConfiguration;
			buildSettings = {
				ARCHS = "$(ARCHS_STANDARD)";
				ASSETCATALOG_COMPILER_APPICON_NAME = AppIcon;
				"CODE_SIGN_ENTITLEMENTS[sdk=*]" = CypherAir.entitlements;
				CODE_SIGN_IDENTITY = "iPhone Developer";
				CURRENT_PROJECT_VERSION = 1;
				DEVELOPMENT_TEAM = Y2ZPV6SKBT;
				ENABLE_CPLUSPLUS_BOUNDS_SAFE_BUFFERS = YES;
				ENABLE_C_BOUNDS_SAFETY = YES;
				ENABLE_ENHANCED_SECURITY = YES;
				ENABLE_POINTER_AUTHENTICATION = NO;
				GENERATE_INFOPLIST_FILE = YES;
				HEADER_SEARCH_PATHS = (
					"$(inherited)",
					"$(PROJECT_DIR)/bindings",
				);
				INFOPLIST_FILE = "CypherAir-Info.plist";
				INFOPLIST_KEY_CFBundleDisplayName = "Cypher Air";
				INFOPLIST_KEY_LSApplicationCategoryType = "public.app-category.utilities";
				INFOPLIST_KEY_NSFaceIDUsageDescription = "Cypher ​Air uses ​Face ​ID to protect your private keys.";
				INFOPLIST_KEY_NSHumanReadableCopyright = "Cypher Air";
				INFOPLIST_KEY_UILaunchScreen_Generation = YES;
				INFOPLIST_KEY_UILaunchStoryboardName = "";
				INFOPLIST_KEY_UIStatusBarStyle = "";
				INFOPLIST_KEY_UISupportedInterfaceOrientations = "UIInterfaceOrientationLandscapeLeft UIInterfaceOrientationLandscapeRight UIInterfaceOrientationPortrait UIInterfaceOrientationPortraitUpsideDown";
				LD_RUNPATH_SEARCH_PATHS = (
					"$(inherited)",
					"@executable_path/Frameworks",
				);
				LIBRARY_SEARCH_PATHS = "$(inherited)";
				"LIBRARY_SEARCH_PATHS[sdk=iphoneos*]" = (
					"$(PROJECT_DIR)/pgp-mobile/target/aarch64-apple-ios/release",
					"$(inherited)",
				);
				"LIBRARY_SEARCH_PATHS[sdk=iphonesimulator*]" = (
					"$(inherited)",
					"$(PROJECT_DIR)/pgp-mobile/target/aarch64-apple-ios-sim/release",
				);
				MACOSX_DEPLOYMENT_TARGET = 26.0;
				MARKETING_VERSION = 1.0;
				OTHER_CFLAGS = (
					"$(inherited)",
					"-fmodule-map-file=$(PROJECT_DIR)/bindings/module.modulemap",
				);
				OTHER_LDFLAGS = (
					"$(inherited)",
					"-lpgp_mobile",
				);
				OTHER_SWIFT_FLAGS = "$(inherited) -Xcc -fmodule-map-file=$(PROJECT_DIR)/bindings/module.modulemap";
				PRODUCT_BUNDLE_IDENTIFIER = com.cypherair.application;
				SDKROOT = iphoneos;
				SWIFT_INCLUDE_PATHS = "$(inherited) $(PROJECT_DIR)/bindings";
				SWIFT_OBJC_BRIDGING_HEADER = "";
				SWIFT_VERSION = 6.0;
				TARGETED_DEVICE_FAMILY = "1,2";
				TVOS_DEPLOYMENT_TARGET = 26.0;
				WATCHOS_DEPLOYMENT_TARGET = 26.0;
				XROS_DEPLOYMENT_TARGET = 26.0;
			};
			name = Debug;
		};
/* End XCBuildConfiguration section */

/* Begin XCConfigurationList section */
		04FFA0AC2AEDE901A06224E1 /* Build configuration list for PBXNativeTarget "CypherAir" */ = {
			isa = XCConfigurationList;
			buildConfigurations = (
				C4095C3642D041F59C91EDF2 /* Debug */,
				9CFBA2EC9EDDA475993AE930 /* Release */,
			);
			defaultConfigurationIsVisible = 0;
			defaultConfigurationName = Debug;
		};
		5587EF2BB001B4E86E85C261 /* Build configuration list for PBXNativeTarget "CypherAirTests" */ = {
			isa = XCConfigurationList;
			buildConfigurations = (
				318728F63CA0892A26F32057 /* Debug */,
				7238E936CABAED3287ACA9BE /* Release */,
			);
			defaultConfigurationIsVisible = 0;
			defaultConfigurationName = Debug;
		};
		55F48F6BE6300530916BF414 /* Build configuration list for PBXProject "CypherAir" */ = {
			isa = XCConfigurationList;
			buildConfigurations = (
				C323F444EE97F048F7C4938B /* Debug */,
				AA45A02A118F55C4CF92A72A /* Release */,
			);
			defaultConfigurationIsVisible = 0;
			defaultConfigurationName = Debug;
		};
/* End XCConfigurationList section */
	};
	rootObject = 987D9FF41AF85DBF5445FC9C /* Project object */;
}
