// !$*UTF8*$!
{
	archiveVersion = 1;
	classes = {
	};
	objectVersion = 77;
	objects = {

/* Begin PBXBuildFile section */
		07BB58075398DDDF1125EDB2 /* AuthenticationEvaluable.swift in Sources */ = {isa = PBXBuildFile; fileRef = A444291AB7231CBA07E9C8CD /* AuthenticationEvaluable.swift */; };
		091B4000887E8EB8CEEC9995 /* AuthenticationManager.swift in Sources */ = {isa = PBXBuildFile; fileRef = 4F7A45988890FF1A2C03A4B8 /* AuthenticationManager.swift */; };
		0CE34DAE946FF6FC9777163E /* SecureEnclaveManager.swift in Sources */ = {isa = PBXBuildFile; fileRef = D35F4B8C8B4CAB4FB248E04F /* SecureEnclaveManager.swift */; };
		1550A8234C0473B09F20716F /* MockSecureEnclave.swift in Sources */ = {isa = PBXBuildFile; fileRef = 0FB40F8BED05EDFD21D30FC0 /* MockSecureEnclave.swift */; };
		174304A352D9A283F7CB3E53 /* KeychainManageable.swift in Sources */ = {isa = PBXBuildFile; fileRef = 9BDCB1737386048EAADF9840 /* KeychainManageable.swift */; };
		19BBF5512C344A2B864ACBDD /* KeyBundleStoreTests.swift in Sources */ = {isa = PBXBuildFile; fileRef = C4D2CE3B45864258BB0EEDD0 /* KeyBundleStoreTests.swift */; };
		28B947F8AAAFFB1BF3B9F796 /* DeviceSecurityTests.swift in Sources */ = {isa = PBXBuildFile; fileRef = 6F3D4980908222124A478FD8 /* DeviceSecurityTests.swift */; };
		2CD89E65C4B94D1887D2F9D3 /* SecurityScopedFileAccess.swift in Sources */ = {isa = PBXBuildFile; fileRef = 35254399486C4D719E83A0A4 /* SecurityScopedFileAccess.swift */; };
		4DA245F5A994CBE9EAA3DE75 /* MemoryZeroingUtility.swift in Sources */ = {isa = PBXBuildFile; fileRef = 20424B6FAFC1A2F0D749144D /* MemoryZeroingUtility.swift */; };
		6F25017F340541D84E52FB11 /* MockAuthenticator.swift in Sources */ = {isa = PBXBuildFile; fileRef = 837DC6C22137DFF68E868353 /* MockAuthenticator.swift */; };
		91742FB968D0385CEB2081B7 /* MockKeychain.swift in Sources */ = {isa = PBXBuildFile; fileRef = 7990845AB81240EF6E852FF4 /* MockKeychain.swift */; };
		9247AAEC4846E2A9C01931EA /* pgp_mobile.swift in Sources */ = {isa = PBXBuildFile; fileRef = 46D02D77EE3905A586485B4F /* pgp_mobile.swift */; };
		9E3C8A660DFD403D80A1AF40 /* AppStartupCoordinator.swift in Sources */ = {isa = PBXBuildFile; fileRef = AE00105EBA2D4094869F82DC /* AppStartupCoordinator.swift */; };
		9F4284F9BEE858C4C9110D9B /* CypherAirApp.swift in Sources */ = {isa = PBXBuildFile; fileRef = 560911E5832C74A71A2E6BEB /* CypherAirApp.swift */; };
		A8B4434FA49C1E1C1D83AB0D /* Data+Zeroing.swift in Sources */ = {isa = PBXBuildFile; fileRef = F2E74CB396D27D17F9B09FA7 /* Data+Zeroing.swift */; };
		AE302BC85F8241638E773ECC /* KeyMigrationCoordinatorTests.swift in Sources */ = {isa = PBXBuildFile; fileRef = 196FD824442E49D4A8E9436D /* KeyMigrationCoordinatorTests.swift */; };
		B54C751D3A4C4C16B7852DE7 /* IdentityPresentation.swift in Sources */ = {isa = PBXBuildFile; fileRef = 3E79A13895974D578D543D32 /* IdentityPresentation.swift */; };
		B8462A44F4C7F182FE942E78 /* FFIIntegrationTests.swift in Sources */ = {isa = PBXBuildFile; fileRef = 6640F8252CB178C778859069 /* FFIIntegrationTests.swift */; };
		CB6546CBB702B1311AFEDEB3 /* KeychainManager.swift in Sources */ = {isa = PBXBuildFile; fileRef = 31AB481CBDFEDEA9D2D492D4 /* KeychainManager.swift */; };
		CBD7BDC38D184C3895E2367D /* KeyBundleStore.swift in Sources */ = {isa = PBXBuildFile; fileRef = 96D2510C0BCD4780844872D9 /* KeyBundleStore.swift */; };
		CE0064A02F6492D8008604AB /* KeyProfile+App.swift in Sources */ = {isa = PBXBuildFile; fileRef = CE00649F2F6492D8008604AB /* KeyProfile+App.swift */; };
		CE0064A22F6492D8008604AB /* PGPKeyIdentity.swift in Sources */ = {isa = PBXBuildFile; fileRef = CE0064A12F6492D8008604AB /* PGPKeyIdentity.swift */; };
		CE0064A42F6492D8008604AB /* Contact.swift in Sources */ = {isa = PBXBuildFile; fileRef = CE0064A32F6492D8008604AB /* Contact.swift */; };
		CE0064A62F6492D8008604AB /* AppConfiguration.swift in Sources */ = {isa = PBXBuildFile; fileRef = CE0064A52F6492D8008604AB /* AppConfiguration.swift */; };
		CE0064A82F6492FD008604AB /* CypherAirError.swift in Sources */ = {isa = PBXBuildFile; fileRef = CE0064A72F6492FD008604AB /* CypherAirError.swift */; };
		CE0064AA2F6492FD008604AB /* SignatureVerification.swift in Sources */ = {isa = PBXBuildFile; fileRef = CE0064A92F6492FD008604AB /* SignatureVerification.swift */; };
		CE0064AC2F649416008604AB /* KeyManagementService.swift in Sources */ = {isa = PBXBuildFile; fileRef = CE0064AB2F649416008604AB /* KeyManagementService.swift */; };
		CE0064AE2F649416008604AB /* ContactService.swift in Sources */ = {isa = PBXBuildFile; fileRef = CE0064AD2F649416008604AB /* ContactService.swift */; };
		CE0064B02F649416008604AB /* EncryptionService.swift in Sources */ = {isa = PBXBuildFile; fileRef = CE0064AF2F649416008604AB /* EncryptionService.swift */; };
		CE0064B22F649416008604AB /* DecryptionService.swift in Sources */ = {isa = PBXBuildFile; fileRef = CE0064B12F649416008604AB /* DecryptionService.swift */; };
		CE0064B42F649454008604AB /* SigningService.swift in Sources */ = {isa = PBXBuildFile; fileRef = CE0064B32F649454008604AB /* SigningService.swift */; };
		CE0064B62F649455008604AB /* QRService.swift in Sources */ = {isa = PBXBuildFile; fileRef = CE0064B52F649455008604AB /* QRService.swift */; };
		CE0064B82F649455008604AB /* SelfTestService.swift in Sources */ = {isa = PBXBuildFile; fileRef = CE0064B72F649455008604AB /* SelfTestService.swift */; };
		CE0064BA2F649539008604AB /* AppRoute.swift in Sources */ = {isa = PBXBuildFile; fileRef = CE0064B92F649539008604AB /* AppRoute.swift */; };
		CE0064BC2F64953A008604AB /* ContentView.swift in Sources */ = {isa = PBXBuildFile; fileRef = CE0064BB2F64953A008604AB /* ContentView.swift */; };
		CE0064BE2F64953B008604AB /* HomeView.swift in Sources */ = {isa = PBXBuildFile; fileRef = CE0064BD2F64953B008604AB /* HomeView.swift */; };
		CE0064C62F649576008604AB /* MyKeysView.swift in Sources */ = {isa = PBXBuildFile; fileRef = CE0064C52F649576008604AB /* MyKeysView.swift */; };
		CE0064C82F649576008604AB /* KeyGenerationView.swift in Sources */ = {isa = PBXBuildFile; fileRef = CE0064C72F649576008604AB /* KeyGenerationView.swift */; };
		CE0064CA2F649576008604AB /* KeyDetailView.swift in Sources */ = {isa = PBXBuildFile; fileRef = CE0064C92F649576008604AB /* KeyDetailView.swift */; };
		CE0064CC2F649576008604AB /* BackupKeyView.swift in Sources */ = {isa = PBXBuildFile; fileRef = CE0064CB2F649576008604AB /* BackupKeyView.swift */; };
		CE0064CE2F649576008604AB /* ImportKeyView.swift in Sources */ = {isa = PBXBuildFile; fileRef = CE0064CD2F649576008604AB /* ImportKeyView.swift */; };
		CE0064D02F6495C2008604AB /* ContactsView.swift in Sources */ = {isa = PBXBuildFile; fileRef = CE0064CF2F6495C2008604AB /* ContactsView.swift */; };
		CE0064D22F6495C2008604AB /* ContactDetailView.swift in Sources */ = {isa = PBXBuildFile; fileRef = CE0064D12F6495C2008604AB /* ContactDetailView.swift */; };
		CE0064D42F6495C2008604AB /* AddContactView.swift in Sources */ = {isa = PBXBuildFile; fileRef = CE0064D32F6495C2008604AB /* AddContactView.swift */; };
		CE0064D62F6495C2008604AB /* EncryptView.swift in Sources */ = {isa = PBXBuildFile; fileRef = CE0064D52F6495C2008604AB /* EncryptView.swift */; };
		CE0064D82F6495C2008604AB /* DecryptView.swift in Sources */ = {isa = PBXBuildFile; fileRef = CE0064D72F6495C2008604AB /* DecryptView.swift */; };
		CE0064DA2F6495C2008604AB /* SignView.swift in Sources */ = {isa = PBXBuildFile; fileRef = CE0064D92F6495C2008604AB /* SignView.swift */; };
		CE0064DC2F6495C3008604AB /* VerifyView.swift in Sources */ = {isa = PBXBuildFile; fileRef = CE0064DB2F6495C3008604AB /* VerifyView.swift */; };
		CE0064DE2F6495C3008604AB /* SettingsView.swift in Sources */ = {isa = PBXBuildFile; fileRef = CE0064DD2F6495C3008604AB /* SettingsView.swift */; };
		CE0064E02F6495C3008604AB /* SelfTestView.swift in Sources */ = {isa = PBXBuildFile; fileRef = CE0064DF2F6495C3008604AB /* SelfTestView.swift */; };
		CE0064E22F6495C3008604AB /* AboutView.swift in Sources */ = {isa = PBXBuildFile; fileRef = CE0064E12F6495C3008604AB /* AboutView.swift */; };
		CE0064E52F64972D008604AB /* PrivacyScreenModifier.swift in Sources */ = {isa = PBXBuildFile; fileRef = CE0064E42F64972D008604AB /* PrivacyScreenModifier.swift */; };
		CE0064E72F64972D008604AB /* QRDisplayView.swift in Sources */ = {isa = PBXBuildFile; fileRef = CE0064E62F64972D008604AB /* QRDisplayView.swift */; };
		CE0064E92F64972D008604AB /* QRPhotoImportView.swift in Sources */ = {isa = PBXBuildFile; fileRef = CE0064E82F64972D008604AB /* QRPhotoImportView.swift */; };
		CE0064EC2F64975C008604AB /* OnboardingView.swift in Sources */ = {isa = PBXBuildFile; fileRef = CE0064EB2F64975C008604AB /* OnboardingView.swift */; };
		CE0064F22F649F3F008604AB /* ImportConfirmView.swift in Sources */ = {isa = PBXBuildFile; fileRef = CE0064F12F649F3F008604AB /* ImportConfirmView.swift */; };
		CE0064F42F649FED008604AB /* KeyProfile+Codable.swift in Sources */ = {isa = PBXBuildFile; fileRef = CE0064F32F649FED008604AB /* KeyProfile+Codable.swift */; };
		CE0064F72F64B199008604AB /* TestHelpers.swift in Sources */ = {isa = PBXBuildFile; fileRef = CE0064F62F64B199008604AB /* TestHelpers.swift */; };
		CE0064F92F64B1C4008604AB /* QRServiceTests.swift in Sources */ = {isa = PBXBuildFile; fileRef = CE0064F82F64B1C4008604AB /* QRServiceTests.swift */; };
		CE0064FB2F64B1F4008604AB /* KeyManagementServiceTests.swift in Sources */ = {isa = PBXBuildFile; fileRef = CE0064FA2F64B1F4008604AB /* KeyManagementServiceTests.swift */; };
		CE0064FD2F64B219008604AB /* DecryptionServiceTests.swift in Sources */ = {isa = PBXBuildFile; fileRef = CE0064FC2F64B219008604AB /* DecryptionServiceTests.swift */; };
		CE0064FF2F64B248008604AB /* EncryptionServiceTests.swift in Sources */ = {isa = PBXBuildFile; fileRef = CE0064FE2F64B248008604AB /* EncryptionServiceTests.swift */; };
		CE0065012F64B26E008604AB /* SigningServiceTests.swift in Sources */ = {isa = PBXBuildFile; fileRef = CE0065002F64B26E008604AB /* SigningServiceTests.swift */; };
		CE0065032F64B29A008604AB /* ModelTests.swift in Sources */ = {isa = PBXBuildFile; fileRef = CE0065022F64B29A008604AB /* ModelTests.swift */; };
		CE0065052F64D0D5008604AB /* ContactServiceTests.swift in Sources */ = {isa = PBXBuildFile; fileRef = CE0065042F64D0D5008604AB /* ContactServiceTests.swift */; };
		CE0065072F64D9B9008604AB /* FixtureLoader.swift in Sources */ = {isa = PBXBuildFile; fileRef = CE0065062F64D9B9008604AB /* FixtureLoader.swift */; };
		CE0065092F64DA10008604AB /* GnuPGInteropTests.swift in Sources */ = {isa = PBXBuildFile; fileRef = CE0065082F64DA10008604AB /* GnuPGInteropTests.swift */; };
		CE00650F2F6501E2008604AB /* PostGenerationPromptView.swift in Sources */ = {isa = PBXBuildFile; fileRef = CE00650E2F6501E2008604AB /* PostGenerationPromptView.swift */; };
		CE0065172F652334008604AB /* AppIcon.icon in Resources */ = {isa = PBXBuildFile; fileRef = CE0065122F651C44008604AB /* AppIcon.icon */; };
		CE00651B2F673ADE008604AB /* FileProgressReporter.swift in Sources */ = {isa = PBXBuildFile; fileRef = CE00651A2F673ADE008604AB /* FileProgressReporter.swift */; };
		CE00651D2F673AF5008604AB /* DiskSpaceChecker.swift in Sources */ = {isa = PBXBuildFile; fileRef = CE00651C2F673AF5008604AB /* DiskSpaceChecker.swift */; };
		CE00651F2F673B04008604AB /* MockDiskSpace.swift in Sources */ = {isa = PBXBuildFile; fileRef = CE00651E2F673B04008604AB /* MockDiskSpace.swift */; };
		CE0065212F673BC4008604AB /* StreamingServiceTests.swift in Sources */ = {isa = PBXBuildFile; fileRef = CE0065202F673BC4008604AB /* StreamingServiceTests.swift */; };
		CE0065252F676EBC008604AB /* AppIconB.icon in Resources */ = {isa = PBXBuildFile; fileRef = CE0065232F676EBC008604AB /* AppIconB.icon */; };
		CE0065262F676EBC008604AB /* AppIconC.icon in Resources */ = {isa = PBXBuildFile; fileRef = CE0065242F676EBC008604AB /* AppIconC.icon */; };
		CE0065272F676EBC008604AB /* AppIconA.icon in Resources */ = {isa = PBXBuildFile; fileRef = CE0065222F676EBC008604AB /* AppIconA.icon */; };
		CE0065292F67773D008604AB /* AppIconPickerView.swift in Sources */ = {isa = PBXBuildFile; fileRef = CE0065282F67773D008604AB /* AppIconPickerView.swift */; };
		CE00652E2F677880008604AB /* AppIconAPreview.png in Resources */ = {isa = PBXBuildFile; fileRef = CE00652A2F677880008604AB /* AppIconAPreview.png */; };
		CE00652F2F677880008604AB /* AppIconCPreview.png in Resources */ = {isa = PBXBuildFile; fileRef = CE00652C2F677880008604AB /* AppIconCPreview.png */; };
		CE0065302F677880008604AB /* AppIconBPreview.png in Resources */ = {isa = PBXBuildFile; fileRef = CE00652B2F677880008604AB /* AppIconBPreview.png */; };
		CE0065312F677880008604AB /* AppIconPreview.png in Resources */ = {isa = PBXBuildFile; fileRef = CE00652D2F677880008604AB /* AppIconPreview.png */; };
		CE18872E2F6C875B00B4CD76 /* InfoPlist.xcstrings in Resources */ = {isa = PBXBuildFile; fileRef = CE18872D2F6C875B00B4CD76 /* InfoPlist.xcstrings */; };
		CE1887302F6C8A0F00B4CD76 /* Localizable.xcstrings in Resources */ = {isa = PBXBuildFile; fileRef = CE18872F2F6C8A0F00B4CD76 /* Localizable.xcstrings */; };
		CE1CB7942F6F762F00F7ABFC /* SelfTestServiceTests.swift in Sources */ = {isa = PBXBuildFile; fileRef = CE1CB7932F6F762E00F7ABFC /* SelfTestServiceTests.swift */; };
		CE2EF9EFF914194BF2BE37DC /* ColorTheme.swift in Sources */ = {isa = PBXBuildFile; fileRef = CEE9E921CFE0A043E4958585 /* ColorTheme.swift */; };
		CE396398BAC10E4878B2C914 /* ThemePickerView.swift in Sources */ = {isa = PBXBuildFile; fileRef = CED01ED569C1B04F7399092E /* ThemePickerView.swift */; };
		CE4958B22F6D797000BF03E2 /* TutorialView.swift in Sources */ = {isa = PBXBuildFile; fileRef = CE4958B12F6D797000BF03E2 /* TutorialView.swift */; };
		CE94DB982F761557005D50B4 /* AppIconDPreview.png in Resources */ = {isa = PBXBuildFile; fileRef = CE94DB972F761557005D50B4 /* AppIconDPreview.png */; };
		CEE730DC2F62B5F6007CA4A8 /* MemoryInfoProvidable.swift in Sources */ = {isa = PBXBuildFile; fileRef = CEE730DB2F62B5F6007CA4A8 /* MemoryInfoProvidable.swift */; };
		CEE730DE2F62B602007CA4A8 /* MockMemoryInfo.swift in Sources */ = {isa = PBXBuildFile; fileRef = CEE730DD2F62B602007CA4A8 /* MockMemoryInfo.swift */; };
		CEE730E02F62B61A007CA4A8 /* Argon2idMemoryGuard.swift in Sources */ = {isa = PBXBuildFile; fileRef = CEE730DF2F62B61A007CA4A8 /* Argon2idMemoryGuard.swift */; };
		CEF297622F7612DF00DB6BF6 /* AppIconD.icon in Resources */ = {isa = PBXBuildFile; fileRef = CEF297612F7612DF00DB6BF6 /* AppIconD.icon */; };
		CEFB5D662F73768800E2B966 /* ExportableFile.swift in Sources */ = {isa = PBXBuildFile; fileRef = CEFB5D652F73768800E2B966 /* ExportableFile.swift */; };
		D0FC6F19BF0945F7A0C7E6BC /* FileExportController.swift in Sources */ = {isa = PBXBuildFile; fileRef = 097D157D94974ADFA3B2AA95 /* FileExportController.swift */; };
		D10000012F80000100000001 /* LicenseDetailView.swift in Sources */ = {isa = PBXBuildFile; fileRef = D10000112F80000100000001 /* LicenseDetailView.swift */; };
		D10000022F80000100000001 /* LicenseListView.swift in Sources */ = {isa = PBXBuildFile; fileRef = D10000122F80000100000001 /* LicenseListView.swift */; };
		D10000032F80000100000001 /* OpenSourceNotice.swift in Sources */ = {isa = PBXBuildFile; fileRef = D10000132F80000100000001 /* OpenSourceNotice.swift */; };
		D10000042F80000100000001 /* OpenSourceNoticeStore.swift in Sources */ = {isa = PBXBuildFile; fileRef = D10000142F80000100000001 /* OpenSourceNoticeStore.swift */; };
		D10000052F80000100000001 /* RepositoryURLCopyAction.swift in Sources */ = {isa = PBXBuildFile; fileRef = D10000152F80000100000001 /* RepositoryURLCopyAction.swift */; };
		D10000062F80000100000001 /* OpenSourceNoticeStoreTests.swift in Sources */ = {isa = PBXBuildFile; fileRef = D10000162F80000100000001 /* OpenSourceNoticeStoreTests.swift */; };
		D10000072F80000100000001 /* OpenSourceNotices in Resources */ = {isa = PBXBuildFile; fileRef = D10000172F80000100000001 /* OpenSourceNotices */; };
		D10000082F80000100000001 /* OpenSourceNotices in Resources */ = {isa = PBXBuildFile; fileRef = D10000172F80000100000001 /* OpenSourceNotices */; };
		D23054BDE48D49E2A1E356EE /* AppContainer.swift in Sources */ = {isa = PBXBuildFile; fileRef = B95207D70D3548829BD54615 /* AppContainer.swift */; };
		D41DF0584CC24CBD842B3E11 /* KeyMigrationCoordinator.swift in Sources */ = {isa = PBXBuildFile; fileRef = 98EDD88E9F17461FBD5B8F0B /* KeyMigrationCoordinator.swift */; };
		D51BC34AD2554DB6BFC8C105 /* OperationController.swift in Sources */ = {isa = PBXBuildFile; fileRef = 4DE8EE27179A4C1DA68BB476 /* OperationController.swift */; };
		EC56AD596A794B9789747FA6 /* KeyMetadataStore.swift in Sources */ = {isa = PBXBuildFile; fileRef = 06B61D1815D941D3BA9552C0 /* KeyMetadataStore.swift */; };
		F0260E1FA58DA39B13A0AEDA /* SecureEnclaveManageable.swift in Sources */ = {isa = PBXBuildFile; fileRef = 28D527A8404F04C0FE814B11 /* SecureEnclaveManageable.swift */; };
		F4C7117224EB4C58B7D84A23 /* CommonHelpersTests.swift in Sources */ = {isa = PBXBuildFile; fileRef = F0C071311C874F0AB58A0092 /* CommonHelpersTests.swift */; };
/* End PBXBuildFile section */

/* Begin PBXContainerItemProxy section */
		32C730DD6EFCF294DA3EC493 /* PBXContainerItemProxy */ = {
			isa = PBXContainerItemProxy;
			containerPortal = 987D9FF41AF85DBF5445FC9C /* Project object */;
			proxyType = 1;
			remoteGlobalIDString = 8054D4FD1FA30AED22F9BF1B;
			remoteInfo = CypherAir;
		};
/* End PBXContainerItemProxy section */

/* Begin PBXFileReference section */
		06B61D1815D941D3BA9552C0 /* KeyMetadataStore.swift */ = {isa = PBXFileReference; lastKnownFileType = sourcecode.swift; path = KeyMetadataStore.swift; sourceTree = "<group>"; };
		097D157D94974ADFA3B2AA95 /* FileExportController.swift */ = {isa = PBXFileReference; lastKnownFileType = sourcecode.swift; path = FileExportController.swift; sourceTree = "<group>"; };
		0FB40F8BED05EDFD21D30FC0 /* MockSecureEnclave.swift */ = {isa = PBXFileReference; lastKnownFileType = sourcecode.swift; path = MockSecureEnclave.swift; sourceTree = "<group>"; };
		108F8485D41E1065D3C9268A /* CypherAirTests.xctest */ = {isa = PBXFileReference; explicitFileType = wrapper.cfbundle; includeInIndex = 0; path = CypherAirTests.xctest; sourceTree = BUILT_PRODUCTS_DIR; };
		196FD824442E49D4A8E9436D /* KeyMigrationCoordinatorTests.swift */ = {isa = PBXFileReference; lastKnownFileType = sourcecode.swift; path = KeyMigrationCoordinatorTests.swift; sourceTree = "<group>"; };
		20424B6FAFC1A2F0D749144D /* MemoryZeroingUtility.swift */ = {isa = PBXFileReference; lastKnownFileType = sourcecode.swift; name = MemoryZeroingUtility.swift; path = Sources/Security/MemoryZeroingUtility.swift; sourceTree = SOURCE_ROOT; };
		28D527A8404F04C0FE814B11 /* SecureEnclaveManageable.swift */ = {isa = PBXFileReference; lastKnownFileType = sourcecode.swift; path = SecureEnclaveManageable.swift; sourceTree = "<group>"; };
		31AB481CBDFEDEA9D2D492D4 /* KeychainManager.swift */ = {isa = PBXFileReference; lastKnownFileType = sourcecode.swift; name = KeychainManager.swift; path = Sources/Security/KeychainManager.swift; sourceTree = SOURCE_ROOT; };
		35254399486C4D719E83A0A4 /* SecurityScopedFileAccess.swift */ = {isa = PBXFileReference; lastKnownFileType = sourcecode.swift; path = SecurityScopedFileAccess.swift; sourceTree = "<group>"; };
		3E79A13895974D578D543D32 /* IdentityPresentation.swift */ = {isa = PBXFileReference; lastKnownFileType = sourcecode.swift; path = IdentityPresentation.swift; sourceTree = "<group>"; };
		46D02D77EE3905A586485B4F /* pgp_mobile.swift */ = {isa = PBXFileReference; lastKnownFileType = sourcecode.swift; path = pgp_mobile.swift; sourceTree = "<group>"; };
		4DE8EE27179A4C1DA68BB476 /* OperationController.swift */ = {isa = PBXFileReference; lastKnownFileType = sourcecode.swift; path = OperationController.swift; sourceTree = "<group>"; };
		4F7A45988890FF1A2C03A4B8 /* AuthenticationManager.swift */ = {isa = PBXFileReference; lastKnownFileType = sourcecode.swift; name = AuthenticationManager.swift; path = Sources/Security/AuthenticationManager.swift; sourceTree = SOURCE_ROOT; };
		560911E5832C74A71A2E6BEB /* CypherAirApp.swift */ = {isa = PBXFileReference; lastKnownFileType = sourcecode.swift; path = CypherAirApp.swift; sourceTree = "<group>"; };
		6640F8252CB178C778859069 /* FFIIntegrationTests.swift */ = {isa = PBXFileReference; lastKnownFileType = sourcecode.swift; path = FFIIntegrationTests.swift; sourceTree = "<group>"; };
		6F3D4980908222124A478FD8 /* DeviceSecurityTests.swift */ = {isa = PBXFileReference; lastKnownFileType = sourcecode.swift; name = DeviceSecurityTests.swift; path = Tests/DeviceSecurityTests/DeviceSecurityTests.swift; sourceTree = SOURCE_ROOT; };
		7990845AB81240EF6E852FF4 /* MockKeychain.swift */ = {isa = PBXFileReference; lastKnownFileType = sourcecode.swift; path = MockKeychain.swift; sourceTree = "<group>"; };
		837DC6C22137DFF68E868353 /* MockAuthenticator.swift */ = {isa = PBXFileReference; lastKnownFileType = sourcecode.swift; path = MockAuthenticator.swift; sourceTree = "<group>"; };
		9379668011500E781695A4AC /* CypherAir.app */ = {isa = PBXFileReference; explicitFileType = wrapper.application; includeInIndex = 0; path = CypherAir.app; sourceTree = BUILT_PRODUCTS_DIR; };
		96D2510C0BCD4780844872D9 /* KeyBundleStore.swift */ = {isa = PBXFileReference; lastKnownFileType = sourcecode.swift; path = KeyBundleStore.swift; sourceTree = "<group>"; };
		98EDD88E9F17461FBD5B8F0B /* KeyMigrationCoordinator.swift */ = {isa = PBXFileReference; lastKnownFileType = sourcecode.swift; path = KeyMigrationCoordinator.swift; sourceTree = "<group>"; };
		9BDCB1737386048EAADF9840 /* KeychainManageable.swift */ = {isa = PBXFileReference; lastKnownFileType = sourcecode.swift; path = KeychainManageable.swift; sourceTree = "<group>"; };
		A444291AB7231CBA07E9C8CD /* AuthenticationEvaluable.swift */ = {isa = PBXFileReference; lastKnownFileType = sourcecode.swift; path = AuthenticationEvaluable.swift; sourceTree = "<group>"; };
		AE00105EBA2D4094869F82DC /* AppStartupCoordinator.swift */ = {isa = PBXFileReference; lastKnownFileType = sourcecode.swift; path = AppStartupCoordinator.swift; sourceTree = "<group>"; };
		B95207D70D3548829BD54615 /* AppContainer.swift */ = {isa = PBXFileReference; lastKnownFileType = sourcecode.swift; path = AppContainer.swift; sourceTree = "<group>"; };
		C4D2CE3B45864258BB0EEDD0 /* KeyBundleStoreTests.swift */ = {isa = PBXFileReference; lastKnownFileType = sourcecode.swift; path = KeyBundleStoreTests.swift; sourceTree = "<group>"; };
		CE00649F2F6492D8008604AB /* KeyProfile+App.swift */ = {isa = PBXFileReference; lastKnownFileType = sourcecode.swift; path = "KeyProfile+App.swift"; sourceTree = "<group>"; };
		CE0064A12F6492D8008604AB /* PGPKeyIdentity.swift */ = {isa = PBXFileReference; lastKnownFileType = sourcecode.swift; path = PGPKeyIdentity.swift; sourceTree = "<group>"; };
		CE0064A32F6492D8008604AB /* Contact.swift */ = {isa = PBXFileReference; lastKnownFileType = sourcecode.swift; path = Contact.swift; sourceTree = "<group>"; };
		CE0064A52F6492D8008604AB /* AppConfiguration.swift */ = {isa = PBXFileReference; lastKnownFileType = sourcecode.swift; path = AppConfiguration.swift; sourceTree = "<group>"; };
		CE0064A72F6492FD008604AB /* CypherAirError.swift */ = {isa = PBXFileReference; lastKnownFileType = sourcecode.swift; path = CypherAirError.swift; sourceTree = "<group>"; };
		CE0064A92F6492FD008604AB /* SignatureVerification.swift */ = {isa = PBXFileReference; lastKnownFileType = sourcecode.swift; path = SignatureVerification.swift; sourceTree = "<group>"; };
		CE0064AB2F649416008604AB /* KeyManagementService.swift */ = {isa = PBXFileReference; lastKnownFileType = sourcecode.swift; path = KeyManagementService.swift; sourceTree = "<group>"; };
		CE0064AD2F649416008604AB /* ContactService.swift */ = {isa = PBXFileReference; lastKnownFileType = sourcecode.swift; path = ContactService.swift; sourceTree = "<group>"; };
		CE0064AF2F649416008604AB /* EncryptionService.swift */ = {isa = PBXFileReference; lastKnownFileType = sourcecode.swift; path = EncryptionService.swift; sourceTree = "<group>"; };
		CE0064B12F649416008604AB /* DecryptionService.swift */ = {isa = PBXFileReference; lastKnownFileType = sourcecode.swift; path = DecryptionService.swift; sourceTree = "<group>"; };
		CE0064B32F649454008604AB /* SigningService.swift */ = {isa = PBXFileReference; lastKnownFileType = sourcecode.swift; path = SigningService.swift; sourceTree = "<group>"; };
		CE0064B52F649455008604AB /* QRService.swift */ = {isa = PBXFileReference; lastKnownFileType = sourcecode.swift; path = QRService.swift; sourceTree = "<group>"; };
		CE0064B72F649455008604AB /* SelfTestService.swift */ = {isa = PBXFileReference; lastKnownFileType = sourcecode.swift; path = SelfTestService.swift; sourceTree = "<group>"; };
		CE0064B92F649539008604AB /* AppRoute.swift */ = {isa = PBXFileReference; lastKnownFileType = sourcecode.swift; path = AppRoute.swift; sourceTree = "<group>"; };
		CE0064BB2F64953A008604AB /* ContentView.swift */ = {isa = PBXFileReference; lastKnownFileType = sourcecode.swift; path = ContentView.swift; sourceTree = "<group>"; };
		CE0064BD2F64953B008604AB /* HomeView.swift */ = {isa = PBXFileReference; lastKnownFileType = sourcecode.swift; path = HomeView.swift; sourceTree = "<group>"; };
		CE0064C52F649576008604AB /* MyKeysView.swift */ = {isa = PBXFileReference; lastKnownFileType = sourcecode.swift; path = MyKeysView.swift; sourceTree = "<group>"; };
		CE0064C72F649576008604AB /* KeyGenerationView.swift */ = {isa = PBXFileReference; lastKnownFileType = sourcecode.swift; path = KeyGenerationView.swift; sourceTree = "<group>"; };
		CE0064C92F649576008604AB /* KeyDetailView.swift */ = {isa = PBXFileReference; lastKnownFileType = sourcecode.swift; path = KeyDetailView.swift; sourceTree = "<group>"; };
		CE0064CB2F649576008604AB /* BackupKeyView.swift */ = {isa = PBXFileReference; lastKnownFileType = sourcecode.swift; path = BackupKeyView.swift; sourceTree = "<group>"; };
		CE0064CD2F649576008604AB /* ImportKeyView.swift */ = {isa = PBXFileReference; lastKnownFileType = sourcecode.swift; path = ImportKeyView.swift; sourceTree = "<group>"; };
		CE0064CF2F6495C2008604AB /* ContactsView.swift */ = {isa = PBXFileReference; lastKnownFileType = sourcecode.swift; path = ContactsView.swift; sourceTree = "<group>"; };
		CE0064D12F6495C2008604AB /* ContactDetailView.swift */ = {isa = PBXFileReference; lastKnownFileType = sourcecode.swift; path = ContactDetailView.swift; sourceTree = "<group>"; };
		CE0064D32F6495C2008604AB /* AddContactView.swift */ = {isa = PBXFileReference; lastKnownFileType = sourcecode.swift; path = AddContactView.swift; sourceTree = "<group>"; };
		CE0064D52F6495C2008604AB /* EncryptView.swift */ = {isa = PBXFileReference; lastKnownFileType = sourcecode.swift; path = EncryptView.swift; sourceTree = "<group>"; };
		CE0064D72F6495C2008604AB /* DecryptView.swift */ = {isa = PBXFileReference; lastKnownFileType = sourcecode.swift; path = DecryptView.swift; sourceTree = "<group>"; };
		CE0064D92F6495C2008604AB /* SignView.swift */ = {isa = PBXFileReference; lastKnownFileType = sourcecode.swift; path = SignView.swift; sourceTree = "<group>"; };
		CE0064DB2F6495C3008604AB /* VerifyView.swift */ = {isa = PBXFileReference; lastKnownFileType = sourcecode.swift; path = VerifyView.swift; sourceTree = "<group>"; };
		CE0064DD2F6495C3008604AB /* SettingsView.swift */ = {isa = PBXFileReference; lastKnownFileType = sourcecode.swift; path = SettingsView.swift; sourceTree = "<group>"; };
		CE0064DF2F6495C3008604AB /* SelfTestView.swift */ = {isa = PBXFileReference; lastKnownFileType = sourcecode.swift; path = SelfTestView.swift; sourceTree = "<group>"; };
		CE0064E12F6495C3008604AB /* AboutView.swift */ = {isa = PBXFileReference; lastKnownFileType = sourcecode.swift; path = AboutView.swift; sourceTree = "<group>"; };
		CE0064E42F64972D008604AB /* PrivacyScreenModifier.swift */ = {isa = PBXFileReference; lastKnownFileType = sourcecode.swift; path = PrivacyScreenModifier.swift; sourceTree = "<group>"; };
		CE0064E62F64972D008604AB /* QRDisplayView.swift */ = {isa = PBXFileReference; lastKnownFileType = sourcecode.swift; path = QRDisplayView.swift; sourceTree = "<group>"; };
		CE0064E82F64972D008604AB /* QRPhotoImportView.swift */ = {isa = PBXFileReference; lastKnownFileType = sourcecode.swift; path = QRPhotoImportView.swift; sourceTree = "<group>"; };
		CE0064EB2F64975C008604AB /* OnboardingView.swift */ = {isa = PBXFileReference; lastKnownFileType = sourcecode.swift; path = OnboardingView.swift; sourceTree = "<group>"; };
		CE0064F12F649F3F008604AB /* ImportConfirmView.swift */ = {isa = PBXFileReference; lastKnownFileType = sourcecode.swift; path = ImportConfirmView.swift; sourceTree = "<group>"; };
		CE0064F32F649FED008604AB /* KeyProfile+Codable.swift */ = {isa = PBXFileReference; lastKnownFileType = sourcecode.swift; path = "KeyProfile+Codable.swift"; sourceTree = "<group>"; };
		CE0064F62F64B199008604AB /* TestHelpers.swift */ = {isa = PBXFileReference; lastKnownFileType = sourcecode.swift; path = TestHelpers.swift; sourceTree = "<group>"; };
		CE0064F82F64B1C4008604AB /* QRServiceTests.swift */ = {isa = PBXFileReference; lastKnownFileType = sourcecode.swift; path = QRServiceTests.swift; sourceTree = "<group>"; };
		CE0064FA2F64B1F4008604AB /* KeyManagementServiceTests.swift */ = {isa = PBXFileReference; lastKnownFileType = sourcecode.swift; path = KeyManagementServiceTests.swift; sourceTree = "<group>"; };
		CE0064FC2F64B219008604AB /* DecryptionServiceTests.swift */ = {isa = PBXFileReference; lastKnownFileType = sourcecode.swift; path = DecryptionServiceTests.swift; sourceTree = "<group>"; };
		CE0064FE2F64B248008604AB /* EncryptionServiceTests.swift */ = {isa = PBXFileReference; lastKnownFileType = sourcecode.swift; path = EncryptionServiceTests.swift; sourceTree = "<group>"; };
		CE0065002F64B26E008604AB /* SigningServiceTests.swift */ = {isa = PBXFileReference; lastKnownFileType = sourcecode.swift; path = SigningServiceTests.swift; sourceTree = "<group>"; };
		CE0065022F64B29A008604AB /* ModelTests.swift */ = {isa = PBXFileReference; lastKnownFileType = sourcecode.swift; path = ModelTests.swift; sourceTree = "<group>"; };
		CE0065042F64D0D5008604AB /* ContactServiceTests.swift */ = {isa = PBXFileReference; lastKnownFileType = sourcecode.swift; path = ContactServiceTests.swift; sourceTree = "<group>"; };
		CE0065062F64D9B9008604AB /* FixtureLoader.swift */ = {isa = PBXFileReference; lastKnownFileType = sourcecode.swift; path = FixtureLoader.swift; sourceTree = "<group>"; };
		CE0065082F64DA10008604AB /* GnuPGInteropTests.swift */ = {isa = PBXFileReference; lastKnownFileType = sourcecode.swift; path = GnuPGInteropTests.swift; sourceTree = "<group>"; };
		CE00650E2F6501E2008604AB /* PostGenerationPromptView.swift */ = {isa = PBXFileReference; lastKnownFileType = sourcecode.swift; path = PostGenerationPromptView.swift; sourceTree = "<group>"; };
		CE0065102F6502B4008604AB /* CypherAir-Info.plist */ = {isa = PBXFileReference; lastKnownFileType = text.plist; path = "CypherAir-Info.plist"; sourceTree = "<group>"; };
		CE0065122F651C44008604AB /* AppIcon.icon */ = {isa = PBXFileReference; lastKnownFileType = folder.iconcomposer.icon; path = AppIcon.icon; sourceTree = "<group>"; };
		CE00651A2F673ADE008604AB /* FileProgressReporter.swift */ = {isa = PBXFileReference; lastKnownFileType = sourcecode.swift; path = FileProgressReporter.swift; sourceTree = "<group>"; };
		CE00651C2F673AF5008604AB /* DiskSpaceChecker.swift */ = {isa = PBXFileReference; lastKnownFileType = sourcecode.swift; path = DiskSpaceChecker.swift; sourceTree = "<group>"; };
		CE00651E2F673B04008604AB /* MockDiskSpace.swift */ = {isa = PBXFileReference; lastKnownFileType = sourcecode.swift; path = MockDiskSpace.swift; sourceTree = "<group>"; };
		CE0065202F673BC4008604AB /* StreamingServiceTests.swift */ = {isa = PBXFileReference; lastKnownFileType = sourcecode.swift; path = StreamingServiceTests.swift; sourceTree = "<group>"; };
		CE0065222F676EBC008604AB /* AppIconA.icon */ = {isa = PBXFileReference; lastKnownFileType = folder.iconcomposer.icon; path = AppIconA.icon; sourceTree = "<group>"; };
		CE0065232F676EBC008604AB /* AppIconB.icon */ = {isa = PBXFileReference; lastKnownFileType = folder.iconcomposer.icon; path = AppIconB.icon; sourceTree = "<group>"; };
		CE0065242F676EBC008604AB /* AppIconC.icon */ = {isa = PBXFileReference; lastKnownFileType = folder.iconcomposer.icon; path = AppIconC.icon; sourceTree = "<group>"; };
		CE0065282F67773D008604AB /* AppIconPickerView.swift */ = {isa = PBXFileReference; lastKnownFileType = sourcecode.swift; path = AppIconPickerView.swift; sourceTree = "<group>"; };
		CE00652A2F677880008604AB /* AppIconAPreview.png */ = {isa = PBXFileReference; lastKnownFileType = image.png; path = AppIconAPreview.png; sourceTree = "<group>"; };
		CE00652B2F677880008604AB /* AppIconBPreview.png */ = {isa = PBXFileReference; lastKnownFileType = image.png; path = AppIconBPreview.png; sourceTree = "<group>"; };
		CE00652C2F677880008604AB /* AppIconCPreview.png */ = {isa = PBXFileReference; lastKnownFileType = image.png; path = AppIconCPreview.png; sourceTree = "<group>"; };
		CE00652D2F677880008604AB /* AppIconPreview.png */ = {isa = PBXFileReference; lastKnownFileType = image.png; path = AppIconPreview.png; sourceTree = "<group>"; };
		CE18872D2F6C875B00B4CD76 /* InfoPlist.xcstrings */ = {isa = PBXFileReference; lastKnownFileType = text.json.xcstrings; path = InfoPlist.xcstrings; sourceTree = "<group>"; };
		CE18872F2F6C8A0F00B4CD76 /* Localizable.xcstrings */ = {isa = PBXFileReference; lastKnownFileType = text.json.xcstrings; path = Localizable.xcstrings; sourceTree = "<group>"; };
		CE1CB7932F6F762E00F7ABFC /* SelfTestServiceTests.swift */ = {isa = PBXFileReference; lastKnownFileType = sourcecode.swift; path = SelfTestServiceTests.swift; sourceTree = "<group>"; };
		CE4958B12F6D797000BF03E2 /* TutorialView.swift */ = {isa = PBXFileReference; lastKnownFileType = sourcecode.swift; path = TutorialView.swift; sourceTree = "<group>"; };
		CE5F0F372F75EF3E007C896C /* CypherAir.entitlements */ = {isa = PBXFileReference; lastKnownFileType = text.plist.entitlements; path = CypherAir.entitlements; sourceTree = "<group>"; };
		CE5F0F382F75EF45007C896C /* CypherAirMacOS.entitlements */ = {isa = PBXFileReference; lastKnownFileType = text.plist.entitlements; path = CypherAirMacOS.entitlements; sourceTree = "<group>"; };
		CE94DB972F761557005D50B4 /* AppIconDPreview.png */ = {isa = PBXFileReference; lastKnownFileType = image.png; path = AppIconDPreview.png; sourceTree = "<group>"; };
		CED01ED569C1B04F7399092E /* ThemePickerView.swift */ = {isa = PBXFileReference; lastKnownFileType = sourcecode.swift; path = ThemePickerView.swift; sourceTree = "<group>"; };
		CEE730DB2F62B5F6007CA4A8 /* MemoryInfoProvidable.swift */ = {isa = PBXFileReference; lastKnownFileType = sourcecode.swift; path = MemoryInfoProvidable.swift; sourceTree = "<group>"; };
		CEE730DD2F62B602007CA4A8 /* MockMemoryInfo.swift */ = {isa = PBXFileReference; lastKnownFileType = sourcecode.swift; path = MockMemoryInfo.swift; sourceTree = "<group>"; };
		CEE730DF2F62B61A007CA4A8 /* Argon2idMemoryGuard.swift */ = {isa = PBXFileReference; lastKnownFileType = sourcecode.swift; path = Argon2idMemoryGuard.swift; sourceTree = "<group>"; };
		CEE9E921CFE0A043E4958585 /* ColorTheme.swift */ = {isa = PBXFileReference; lastKnownFileType = sourcecode.swift; path = ColorTheme.swift; sourceTree = "<group>"; };
		CEF297612F7612DF00DB6BF6 /* AppIconD.icon */ = {isa = PBXFileReference; lastKnownFileType = folder.iconcomposer.icon; path = AppIconD.icon; sourceTree = "<group>"; };
		CEFB5D652F73768800E2B966 /* ExportableFile.swift */ = {isa = PBXFileReference; lastKnownFileType = sourcecode.swift; path = ExportableFile.swift; sourceTree = "<group>"; };
		D10000112F80000100000001 /* LicenseDetailView.swift */ = {isa = PBXFileReference; lastKnownFileType = sourcecode.swift; path = LicenseDetailView.swift; sourceTree = "<group>"; };
		D10000122F80000100000001 /* LicenseListView.swift */ = {isa = PBXFileReference; lastKnownFileType = sourcecode.swift; path = LicenseListView.swift; sourceTree = "<group>"; };
		D10000132F80000100000001 /* OpenSourceNotice.swift */ = {isa = PBXFileReference; lastKnownFileType = sourcecode.swift; path = OpenSourceNotice.swift; sourceTree = "<group>"; };
		D10000142F80000100000001 /* OpenSourceNoticeStore.swift */ = {isa = PBXFileReference; lastKnownFileType = sourcecode.swift; path = OpenSourceNoticeStore.swift; sourceTree = "<group>"; };
		D10000152F80000100000001 /* RepositoryURLCopyAction.swift */ = {isa = PBXFileReference; lastKnownFileType = sourcecode.swift; path = RepositoryURLCopyAction.swift; sourceTree = "<group>"; };
		D10000162F80000100000001 /* OpenSourceNoticeStoreTests.swift */ = {isa = PBXFileReference; lastKnownFileType = sourcecode.swift; path = OpenSourceNoticeStoreTests.swift; sourceTree = "<group>"; };
		D10000172F80000100000001 /* OpenSourceNotices */ = {isa = PBXFileReference; lastKnownFileType = folder; path = OpenSourceNotices; sourceTree = "<group>"; };
		D35F4B8C8B4CAB4FB248E04F /* SecureEnclaveManager.swift */ = {isa = PBXFileReference; lastKnownFileType = sourcecode.swift; name = SecureEnclaveManager.swift; path = Sources/Security/SecureEnclaveManager.swift; sourceTree = SOURCE_ROOT; };
		F0C071311C874F0AB58A0092 /* CommonHelpersTests.swift */ = {isa = PBXFileReference; lastKnownFileType = sourcecode.swift; path = CommonHelpersTests.swift; sourceTree = "<group>"; };
		F2E74CB396D27D17F9B09FA7 /* Data+Zeroing.swift */ = {isa = PBXFileReference; lastKnownFileType = sourcecode.swift; name = "Data+Zeroing.swift"; path = "Sources/Extensions/Data+Zeroing.swift"; sourceTree = SOURCE_ROOT; };
/* End PBXFileReference section */

/* Begin PBXFileSystemSynchronizedRootGroup section */
		CE2F973D2F74687D00232BC9 /* Fixtures */ = {
			isa = PBXFileSystemSynchronizedRootGroup;
			path = Fixtures;
			sourceTree = "<group>";
		};
/* End PBXFileSystemSynchronizedRootGroup section */

/* Begin PBXGroup section */
		7C5ACE182F45D1FBDBBA47F9 /* PgpMobile */ = {
			isa = PBXGroup;
			children = (
				46D02D77EE3905A586485B4F /* pgp_mobile.swift */,
			);
			path = PgpMobile;
			sourceTree = "<group>";
		};
		7C9F769E62E925ECA46373E6 = {
			isa = PBXGroup;
			children = (
				CE5F0F372F75EF3E007C896C /* CypherAir.entitlements */,
				CE5F0F382F75EF45007C896C /* CypherAirMacOS.entitlements */,
				CE0065122F651C44008604AB /* AppIcon.icon */,
				CE0065222F676EBC008604AB /* AppIconA.icon */,
				CE0065232F676EBC008604AB /* AppIconB.icon */,
				CE0065242F676EBC008604AB /* AppIconC.icon */,
				CEF297612F7612DF00DB6BF6 /* AppIconD.icon */,
				CE0065102F6502B4008604AB /* CypherAir-Info.plist */,
				F3EC8935DF44293B377AB6CB /* Sources */,
				A1C9AAA2B5ED04BDA656105D /* Tests */,
				87A0C373A5702D60FD4DC48F /* Products */,
			);
			sourceTree = "<group>";
		};
		87A0C373A5702D60FD4DC48F /* Products */ = {
			isa = PBXGroup;
			children = (
				9379668011500E781695A4AC /* CypherAir.app */,
				108F8485D41E1065D3C9268A /* CypherAirTests.xctest */,
			);
			name = Products;
			sourceTree = "<group>";
		};
		88575B810543423FEB67AE78 /* App */ = {
			isa = PBXGroup;
			children = (
				B95207D70D3548829BD54615 /* AppContainer.swift */,
				AE00105EBA2D4094869F82DC /* AppStartupCoordinator.swift */,
				560911E5832C74A71A2E6BEB /* CypherAirApp.swift */,
				CE0064B92F649539008604AB /* AppRoute.swift */,
				CE0064BB2F64953A008604AB /* ContentView.swift */,
				CE0064BD2F64953B008604AB /* HomeView.swift */,
				CE0064BF2F649542008604AB /* Keys */,
				CE0064C02F649542008604AB /* Contacts */,
				CE0064C12F649542008604AB /* Encrypt */,
				CE0064C22F649542008604AB /* Decrypt */,
				CE0064C32F649542008604AB /* Sign */,
				CE0064C42F649542008604AB /* Settings */,
				CE0064E32F64970D008604AB /* Common */,
				CE0064EA2F649730008604AB /* Onboarding */,
			);
			path = App;
			sourceTree = "<group>";
		};
		A1C9AAA2B5ED04BDA656105D /* Tests */ = {
			isa = PBXGroup;
			children = (
				CE2F973D2F74687D00232BC9 /* Fixtures */,
				EB25CBF841620099B863C9EF /* FFIIntegrationTests */,
				CE340E9D2F6323140047E290 /* DeviceSecurityTests */,
				CE0064F52F64B185008604AB /* ServiceTests */,
			);
			path = Tests;
			sourceTree = "<group>";
		};
		CB69DE072B594667995CB9C9 /* Security */ = {
			isa = PBXGroup;
			children = (
				D2A79E1E7BD6672E1EA9B80D /* Mocks */,
				96D2510C0BCD4780844872D9 /* KeyBundleStore.swift */,
				06B61D1815D941D3BA9552C0 /* KeyMetadataStore.swift */,
				98EDD88E9F17461FBD5B8F0B /* KeyMigrationCoordinator.swift */,
				4F7A45988890FF1A2C03A4B8 /* AuthenticationManager.swift */,
				31AB481CBDFEDEA9D2D492D4 /* KeychainManager.swift */,
				D35F4B8C8B4CAB4FB248E04F /* SecureEnclaveManager.swift */,
				20424B6FAFC1A2F0D749144D /* MemoryZeroingUtility.swift */,
				CEE730DF2F62B61A007CA4A8 /* Argon2idMemoryGuard.swift */,
				A444291AB7231CBA07E9C8CD /* AuthenticationEvaluable.swift */,
				9BDCB1737386048EAADF9840 /* KeychainManageable.swift */,
				28D527A8404F04C0FE814B11 /* SecureEnclaveManageable.swift */,
				CEE730DB2F62B5F6007CA4A8 /* MemoryInfoProvidable.swift */,
			);
			path = Security;
			sourceTree = "<group>";
		};
		CE00649D2F6492AF008604AB /* Models */ = {
			isa = PBXGroup;
			children = (
				CE00649F2F6492D8008604AB /* KeyProfile+App.swift */,
				3E79A13895974D578D543D32 /* IdentityPresentation.swift */,
				CE0064A12F6492D8008604AB /* PGPKeyIdentity.swift */,
				CE0064A32F6492D8008604AB /* Contact.swift */,
				CE0064A52F6492D8008604AB /* AppConfiguration.swift */,
				CEE9E921CFE0A043E4958585 /* ColorTheme.swift */,
				CE0064A72F6492FD008604AB /* CypherAirError.swift */,
				CE0064A92F6492FD008604AB /* SignatureVerification.swift */,
				CEFB5D652F73768800E2B966 /* ExportableFile.swift */,
			);
			path = Models;
			sourceTree = "<group>";
		};
		CE00649E2F6492AF008604AB /* Services */ = {
			isa = PBXGroup;
			children = (
				CE0064AB2F649416008604AB /* KeyManagementService.swift */,
				CE0064AD2F649416008604AB /* ContactService.swift */,
				CE0064AF2F649416008604AB /* EncryptionService.swift */,
				CE0064B12F649416008604AB /* DecryptionService.swift */,
				CE0064B32F649454008604AB /* SigningService.swift */,
				CE0064B52F649455008604AB /* QRService.swift */,
				CE0064B72F649455008604AB /* SelfTestService.swift */,
				CE00651A2F673ADE008604AB /* FileProgressReporter.swift */,
				CE00651C2F673AF5008604AB /* DiskSpaceChecker.swift */,
			);
			path = Services;
			sourceTree = "<group>";
		};
		CE0064BF2F649542008604AB /* Keys */ = {
			isa = PBXGroup;
			children = (
				CE0064C52F649576008604AB /* MyKeysView.swift */,
				CE0064C72F649576008604AB /* KeyGenerationView.swift */,
				CE0064C92F649576008604AB /* KeyDetailView.swift */,
				CE0064CB2F649576008604AB /* BackupKeyView.swift */,
				CE0064CD2F649576008604AB /* ImportKeyView.swift */,
				CE00650E2F6501E2008604AB /* PostGenerationPromptView.swift */,
			);
			path = Keys;
			sourceTree = "<group>";
		};
		CE0064C02F649542008604AB /* Contacts */ = {
			isa = PBXGroup;
			children = (
				CE0064CF2F6495C2008604AB /* ContactsView.swift */,
				CE0064D12F6495C2008604AB /* ContactDetailView.swift */,
				CE0064D32F6495C2008604AB /* AddContactView.swift */,
				CE0064E62F64972D008604AB /* QRDisplayView.swift */,
				CE0064E82F64972D008604AB /* QRPhotoImportView.swift */,
				CE0064F12F649F3F008604AB /* ImportConfirmView.swift */,
			);
			path = Contacts;
			sourceTree = "<group>";
		};
		CE0064C12F649542008604AB /* Encrypt */ = {
			isa = PBXGroup;
			children = (
				CE0064D52F6495C2008604AB /* EncryptView.swift */,
			);
			path = Encrypt;
			sourceTree = "<group>";
		};
		CE0064C22F649542008604AB /* Decrypt */ = {
			isa = PBXGroup;
			children = (
				CE0064D72F6495C2008604AB /* DecryptView.swift */,
			);
			path = Decrypt;
			sourceTree = "<group>";
		};
		CE0064C32F649542008604AB /* Sign */ = {
			isa = PBXGroup;
			children = (
				CE0064D92F6495C2008604AB /* SignView.swift */,
				CE0064DB2F6495C3008604AB /* VerifyView.swift */,
			);
			path = Sign;
			sourceTree = "<group>";
		};
		CE0064C42F649542008604AB /* Settings */ = {
			isa = PBXGroup;
			children = (
				CE0064DD2F6495C3008604AB /* SettingsView.swift */,
				CE0064DF2F6495C3008604AB /* SelfTestView.swift */,
				CE0064E12F6495C3008604AB /* AboutView.swift */,
				D10000112F80000100000001 /* LicenseDetailView.swift */,
				D10000122F80000100000001 /* LicenseListView.swift */,
				D10000132F80000100000001 /* OpenSourceNotice.swift */,
				D10000142F80000100000001 /* OpenSourceNoticeStore.swift */,
				D10000152F80000100000001 /* RepositoryURLCopyAction.swift */,
				CE0065282F67773D008604AB /* AppIconPickerView.swift */,
				CED01ED569C1B04F7399092E /* ThemePickerView.swift */,
			);
			path = Settings;
			sourceTree = "<group>";
		};
		CE0064E32F64970D008604AB /* Common */ = {
			isa = PBXGroup;
			children = (
				097D157D94974ADFA3B2AA95 /* FileExportController.swift */,
				4DE8EE27179A4C1DA68BB476 /* OperationController.swift */,
				CE0064E42F64972D008604AB /* PrivacyScreenModifier.swift */,
				35254399486C4D719E83A0A4 /* SecurityScopedFileAccess.swift */,
			);
			path = Common;
			sourceTree = "<group>";
		};
		CE0064EA2F649730008604AB /* Onboarding */ = {
			isa = PBXGroup;
			children = (
				CE0064EB2F64975C008604AB /* OnboardingView.swift */,
				CE4958B12F6D797000BF03E2 /* TutorialView.swift */,
			);
			path = Onboarding;
			sourceTree = "<group>";
		};
		CE0064F52F64B185008604AB /* ServiceTests */ = {
			isa = PBXGroup;
			children = (
				F0C071311C874F0AB58A0092 /* CommonHelpersTests.swift */,
				C4D2CE3B45864258BB0EEDD0 /* KeyBundleStoreTests.swift */,
				196FD824442E49D4A8E9436D /* KeyMigrationCoordinatorTests.swift */,
				D10000162F80000100000001 /* OpenSourceNoticeStoreTests.swift */,
				CE0064F62F64B199008604AB /* TestHelpers.swift */,
				CE0064F82F64B1C4008604AB /* QRServiceTests.swift */,
				CE0064FA2F64B1F4008604AB /* KeyManagementServiceTests.swift */,
				CE0064FC2F64B219008604AB /* DecryptionServiceTests.swift */,
				CE0064FE2F64B248008604AB /* EncryptionServiceTests.swift */,
				CE0065002F64B26E008604AB /* SigningServiceTests.swift */,
				CE0065022F64B29A008604AB /* ModelTests.swift */,
				CE0065042F64D0D5008604AB /* ContactServiceTests.swift */,
				CE0065062F64D9B9008604AB /* FixtureLoader.swift */,
				CE0065082F64DA10008604AB /* GnuPGInteropTests.swift */,
				CE0065202F673BC4008604AB /* StreamingServiceTests.swift */,
				CE1CB7932F6F762E00F7ABFC /* SelfTestServiceTests.swift */,
			);
			path = ServiceTests;
			sourceTree = "<group>";
		};
		CE00650C2F65009E008604AB /* Resources */ = {
			isa = PBXGroup;
			children = (
				CE00652A2F677880008604AB /* AppIconAPreview.png */,
				CE00652B2F677880008604AB /* AppIconBPreview.png */,
				CE00652C2F677880008604AB /* AppIconCPreview.png */,
				CE94DB972F761557005D50B4 /* AppIconDPreview.png */,
				CE00652D2F677880008604AB /* AppIconPreview.png */,
				CE18872D2F6C875B00B4CD76 /* InfoPlist.xcstrings */,
				CE18872F2F6C8A0F00B4CD76 /* Localizable.xcstrings */,
				D10000172F80000100000001 /* OpenSourceNotices */,
			);
			path = Resources;
			sourceTree = "<group>";
		};
		CE340E9C2F6323140047E290 /* Extensions */ = {
			isa = PBXGroup;
			children = (
				F2E74CB396D27D17F9B09FA7 /* Data+Zeroing.swift */,
				CE0064F32F649FED008604AB /* KeyProfile+Codable.swift */,
			);
			path = Extensions;
			sourceTree = "<group>";
		};
		CE340E9D2F6323140047E290 /* DeviceSecurityTests */ = {
			isa = PBXGroup;
			children = (
				6F3D4980908222124A478FD8 /* DeviceSecurityTests.swift */,
			);
			path = DeviceSecurityTests;
			sourceTree = "<group>";
		};
		D2A79E1E7BD6672E1EA9B80D /* Mocks */ = {
			isa = PBXGroup;
			children = (
				837DC6C22137DFF68E868353 /* MockAuthenticator.swift */,
				7990845AB81240EF6E852FF4 /* MockKeychain.swift */,
				0FB40F8BED05EDFD21D30FC0 /* MockSecureEnclave.swift */,
				CEE730DD2F62B602007CA4A8 /* MockMemoryInfo.swift */,
				CE00651E2F673B04008604AB /* MockDiskSpace.swift */,
			);
			path = Mocks;
			sourceTree = "<group>";
		};
		EB25CBF841620099B863C9EF /* FFIIntegrationTests */ = {
			isa = PBXGroup;
			children = (
				6640F8252CB178C778859069 /* FFIIntegrationTests.swift */,
			);
			path = FFIIntegrationTests;
			sourceTree = "<group>";
		};
		F3EC8935DF44293B377AB6CB /* Sources */ = {
			isa = PBXGroup;
			children = (
				88575B810543423FEB67AE78 /* App */,
				7C5ACE182F45D1FBDBBA47F9 /* PgpMobile */,
				CB69DE072B594667995CB9C9 /* Security */,
				CE340E9C2F6323140047E290 /* Extensions */,
				CE00649D2F6492AF008604AB /* Models */,
				CE00649E2F6492AF008604AB /* Services */,
				CE00650C2F65009E008604AB /* Resources */,
			);
			path = Sources;
			sourceTree = "<group>";
		};
/* End PBXGroup section */

/* Begin PBXNativeTarget section */
		8054D4FD1FA30AED22F9BF1B /* CypherAir */ = {
			isa = PBXNativeTarget;
			buildConfigurationList = 04FFA0AC2AEDE901A06224E1 /* Build configuration list for PBXNativeTarget "CypherAir" */;
			buildPhases = (
				C1FB1E6897EF4454B406EDAF /* Sources */,
				CE0065162F65232F008604AB /* Resources */,
			);
			buildRules = (
			);
			dependencies = (
			);
			name = CypherAir;
			packageProductDependencies = (
			);
			productName = CypherAir;
			productReference = 9379668011500E781695A4AC /* CypherAir.app */;
			productType = "com.apple.product-type.application";
		};
		8561964DF0A7E2575A3799D6 /* CypherAirTests */ = {
			isa = PBXNativeTarget;
			buildConfigurationList = 5587EF2BB001B4E86E85C261 /* Build configuration list for PBXNativeTarget "CypherAirTests" */;
			buildPhases = (
				1242D2BD7FB363D9F6CBAB8A /* Sources */,
				D10000212F80000100000001 /* Resources */,
				CE2F97D52F746A9E00232BC9 /* ShellScript */,
			);
			buildRules = (
			);
			dependencies = (
				B51F50D442CECA0DC382B0B8 /* PBXTargetDependency */,
			);
			fileSystemSynchronizedGroups = (
				CE2F973D2F74687D00232BC9 /* Fixtures */,
			);
			name = CypherAirTests;
			packageProductDependencies = (
			);
			productName = CypherAirTests;
			productReference = 108F8485D41E1065D3C9268A /* CypherAirTests.xctest */;
			productType = "com.apple.product-type.bundle.unit-test";
		};
/* End PBXNativeTarget section */

/* Begin PBXProject section */
		987D9FF41AF85DBF5445FC9C /* Project object */ = {
			isa = PBXProject;
			attributes = {
				BuildIndependentTargetsInParallel = YES;
				LastUpgradeCheck = 2640;
			};
			buildConfigurationList = 55F48F6BE6300530916BF414 /* Build configuration list for PBXProject "CypherAir" */;
			developmentRegion = en;
			hasScannedForEncodings = 0;
			knownRegions = (
				Base,
				en,
				"zh-Hans",
			);
			mainGroup = 7C9F769E62E925ECA46373E6;
			minimizedProjectReferenceProxies = 1;
			preferredProjectObjectVersion = 77;
			productRefGroup = 87A0C373A5702D60FD4DC48F /* Products */;
			projectDirPath = "";
			projectRoot = "";
			targets = (
				8054D4FD1FA30AED22F9BF1B /* CypherAir */,
				8561964DF0A7E2575A3799D6 /* CypherAirTests */,
			);
		};
/* End PBXProject section */

/* Begin PBXResourcesBuildPhase section */
		CE0065162F65232F008604AB /* Resources */ = {
			isa = PBXResourcesBuildPhase;
			buildActionMask = 2147483647;
			files = (
				CE0065252F676EBC008604AB /* AppIconB.icon in Resources */,
				CE00652E2F677880008604AB /* AppIconAPreview.png in Resources */,
				CE94DB982F761557005D50B4 /* AppIconDPreview.png in Resources */,
				CE00652F2F677880008604AB /* AppIconCPreview.png in Resources */,
				CE18872E2F6C875B00B4CD76 /* InfoPlist.xcstrings in Resources */,
				CE0065302F677880008604AB /* AppIconBPreview.png in Resources */,
				CEF297622F7612DF00DB6BF6 /* AppIconD.icon in Resources */,
				CE0065312F677880008604AB /* AppIconPreview.png in Resources */,
				CE1887302F6C8A0F00B4CD76 /* Localizable.xcstrings in Resources */,
				CE0065262F676EBC008604AB /* AppIconC.icon in Resources */,
				CE0065272F676EBC008604AB /* AppIconA.icon in Resources */,
				CE0065172F652334008604AB /* AppIcon.icon in Resources */,
				D10000072F80000100000001 /* OpenSourceNotices in Resources */,
			);
			runOnlyForDeploymentPostprocessing = 0;
		};
		D10000212F80000100000001 /* Resources */ = {
			isa = PBXResourcesBuildPhase;
			buildActionMask = 2147483647;
			files = (
				D10000082F80000100000001 /* OpenSourceNotices in Resources */,
			);
			runOnlyForDeploymentPostprocessing = 0;
		};
/* End PBXResourcesBuildPhase section */

/* Begin PBXShellScriptBuildPhase section */
		CE2F97D52F746A9E00232BC9 /* ShellScript */ = {
			isa = PBXShellScriptBuildPhase;
			buildActionMask = 2147483647;
			files = (
			);
			inputFileListPaths = (
			);
			inputPaths = (
				"$(SRCROOT)/Tests/Fixtures",
			);
			outputFileListPaths = (
			);
			outputPaths = (
				"$(TARGET_BUILD_DIR)/$(UNLOCALIZED_RESOURCES_FOLDER_PATH)/Fixtures",
			);
			runOnlyForDeploymentPostprocessing = 0;
			shellPath = /bin/sh;
			shellScript = "FIXTURE_SRC=\"${SRCROOT}/Tests/Fixtures\"\nFIXTURE_DST=\"${TARGET_BUILD_DIR}/${UNLOCALIZED_RESOURCES_FOLDER_PATH}/Fixtures\"\nmkdir -p \"$FIXTURE_DST\"\nfor ext in asc gpg sig txt; do\n    for f in \"$FIXTURE_SRC\"/*.\"$ext\"; do\n        [ -f \"$f\" ] && cp \"$f\" \"$FIXTURE_DST/\"\n    done\ndone\n";
		};
/* End PBXShellScriptBuildPhase section */

/* Begin PBXSourcesBuildPhase section */
		1242D2BD7FB363D9F6CBAB8A /* Sources */ = {
			isa = PBXSourcesBuildPhase;
			buildActionMask = 2147483647;
			files = (
				F4C7117224EB4C58B7D84A23 /* CommonHelpersTests.swift in Sources */,
				CE0065032F64B29A008604AB /* ModelTests.swift in Sources */,
				B8462A44F4C7F182FE942E78 /* FFIIntegrationTests.swift in Sources */,
				CE0065052F64D0D5008604AB /* ContactServiceTests.swift in Sources */,
				CE0065072F64D9B9008604AB /* FixtureLoader.swift in Sources */,
				19BBF5512C344A2B864ACBDD /* KeyBundleStoreTests.swift in Sources */,
				D10000062F80000100000001 /* OpenSourceNoticeStoreTests.swift in Sources */,
				28B947F8AAAFFB1BF3B9F796 /* DeviceSecurityTests.swift in Sources */,
				CE0064FD2F64B219008604AB /* DecryptionServiceTests.swift in Sources */,
				CE0065212F673BC4008604AB /* StreamingServiceTests.swift in Sources */,
				AE302BC85F8241638E773ECC /* KeyMigrationCoordinatorTests.swift in Sources */,
				CE0064F92F64B1C4008604AB /* QRServiceTests.swift in Sources */,
				CE0064FF2F64B248008604AB /* EncryptionServiceTests.swift in Sources */,
				CE0064FB2F64B1F4008604AB /* KeyManagementServiceTests.swift in Sources */,
				CE0064F72F64B199008604AB /* TestHelpers.swift in Sources */,
				CE1CB7942F6F762F00F7ABFC /* SelfTestServiceTests.swift in Sources */,
				CE0065012F64B26E008604AB /* SigningServiceTests.swift in Sources */,
				CE0065092F64DA10008604AB /* GnuPGInteropTests.swift in Sources */,
			);
			runOnlyForDeploymentPostprocessing = 0;
		};
		C1FB1E6897EF4454B406EDAF /* Sources */ = {
			isa = PBXSourcesBuildPhase;
			buildActionMask = 2147483647;
			files = (
				07BB58075398DDDF1125EDB2 /* AuthenticationEvaluable.swift in Sources */,
				EC56AD596A794B9789747FA6 /* KeyMetadataStore.swift in Sources */,
				CE0064B42F649454008604AB /* SigningService.swift in Sources */,
				CE0064D82F6495C2008604AB /* DecryptView.swift in Sources */,
				CE0064B62F649455008604AB /* QRService.swift in Sources */,
				CE0064A42F6492D8008604AB /* Contact.swift in Sources */,
				CE00651B2F673ADE008604AB /* FileProgressReporter.swift in Sources */,
				9E3C8A660DFD403D80A1AF40 /* AppStartupCoordinator.swift in Sources */,
				CE0064E92F64972D008604AB /* QRPhotoImportView.swift in Sources */,
				9F4284F9BEE858C4C9110D9B /* CypherAirApp.swift in Sources */,
				D23054BDE48D49E2A1E356EE /* AppContainer.swift in Sources */,
				CE4958B22F6D797000BF03E2 /* TutorialView.swift in Sources */,
				CE0064E72F64972D008604AB /* QRDisplayView.swift in Sources */,
				174304A352D9A283F7CB3E53 /* KeychainManageable.swift in Sources */,
				6F25017F340541D84E52FB11 /* MockAuthenticator.swift in Sources */,
				91742FB968D0385CEB2081B7 /* MockKeychain.swift in Sources */,
				CE0064A62F6492D8008604AB /* AppConfiguration.swift in Sources */,
				CE2EF9EFF914194BF2BE37DC /* ColorTheme.swift in Sources */,
				CE396398BAC10E4878B2C914 /* ThemePickerView.swift in Sources */,
				1550A8234C0473B09F20716F /* MockSecureEnclave.swift in Sources */,
				CE0064DA2F6495C2008604AB /* SignView.swift in Sources */,
				CEE730E02F62B61A007CA4A8 /* Argon2idMemoryGuard.swift in Sources */,
				CE0064EC2F64975C008604AB /* OnboardingView.swift in Sources */,
				CE0064BC2F64953A008604AB /* ContentView.swift in Sources */,
				CE0064C62F649576008604AB /* MyKeysView.swift in Sources */,
				CE0064AA2F6492FD008604AB /* SignatureVerification.swift in Sources */,
				CE0064C82F649576008604AB /* KeyGenerationView.swift in Sources */,
				CE0064D02F6495C2008604AB /* ContactsView.swift in Sources */,
				CE0064BE2F64953B008604AB /* HomeView.swift in Sources */,
				CE0064E52F64972D008604AB /* PrivacyScreenModifier.swift in Sources */,
				CE0064A82F6492FD008604AB /* CypherAirError.swift in Sources */,
				D0FC6F19BF0945F7A0C7E6BC /* FileExportController.swift in Sources */,
				CE0065292F67773D008604AB /* AppIconPickerView.swift in Sources */,
				CE0064D22F6495C2008604AB /* ContactDetailView.swift in Sources */,
				CEE730DC2F62B5F6007CA4A8 /* MemoryInfoProvidable.swift in Sources */,
				F0260E1FA58DA39B13A0AEDA /* SecureEnclaveManageable.swift in Sources */,
				CE0064A22F6492D8008604AB /* PGPKeyIdentity.swift in Sources */,
				B54C751D3A4C4C16B7852DE7 /* IdentityPresentation.swift in Sources */,
				CE0064D62F6495C2008604AB /* EncryptView.swift in Sources */,
				CE00651F2F673B04008604AB /* MockDiskSpace.swift in Sources */,
				9247AAEC4846E2A9C01931EA /* pgp_mobile.swift in Sources */,
				CE0064B02F649416008604AB /* EncryptionService.swift in Sources */,
				CE0064CE2F649576008604AB /* ImportKeyView.swift in Sources */,
				CE00650F2F6501E2008604AB /* PostGenerationPromptView.swift in Sources */,
				CE0064F22F649F3F008604AB /* ImportConfirmView.swift in Sources */,
				CE0064F42F649FED008604AB /* KeyProfile+Codable.swift in Sources */,
				CE0064E22F6495C3008604AB /* AboutView.swift in Sources */,
				D10000012F80000100000001 /* LicenseDetailView.swift in Sources */,
				D10000022F80000100000001 /* LicenseListView.swift in Sources */,
				D10000032F80000100000001 /* OpenSourceNotice.swift in Sources */,
				D10000042F80000100000001 /* OpenSourceNoticeStore.swift in Sources */,
				D10000052F80000100000001 /* RepositoryURLCopyAction.swift in Sources */,
				CE0064CA2F649576008604AB /* KeyDetailView.swift in Sources */,
				CEFB5D662F73768800E2B966 /* ExportableFile.swift in Sources */,
				CE0064AC2F649416008604AB /* KeyManagementService.swift in Sources */,
				CE0064DE2F6495C3008604AB /* SettingsView.swift in Sources */,
				CE0064CC2F649576008604AB /* BackupKeyView.swift in Sources */,
				CE0064DC2F6495C3008604AB /* VerifyView.swift in Sources */,
				CE0064B82F649455008604AB /* SelfTestService.swift in Sources */,
				091B4000887E8EB8CEEC9995 /* AuthenticationManager.swift in Sources */,
				2CD89E65C4B94D1887D2F9D3 /* SecurityScopedFileAccess.swift in Sources */,
				CEE730DE2F62B602007CA4A8 /* MockMemoryInfo.swift in Sources */,
				CE0064E02F6495C3008604AB /* SelfTestView.swift in Sources */,
				D41DF0584CC24CBD842B3E11 /* KeyMigrationCoordinator.swift in Sources */,
				CE00651D2F673AF5008604AB /* DiskSpaceChecker.swift in Sources */,
				CE0064D42F6495C2008604AB /* AddContactView.swift in Sources */,
				CB6546CBB702B1311AFEDEB3 /* KeychainManager.swift in Sources */,
				CE0064B22F649416008604AB /* DecryptionService.swift in Sources */,
				CBD7BDC38D184C3895E2367D /* KeyBundleStore.swift in Sources */,
				0CE34DAE946FF6FC9777163E /* SecureEnclaveManager.swift in Sources */,
				CE0064AE2F649416008604AB /* ContactService.swift in Sources */,
				4DA245F5A994CBE9EAA3DE75 /* MemoryZeroingUtility.swift in Sources */,
				D51BC34AD2554DB6BFC8C105 /* OperationController.swift in Sources */,
				A8B4434FA49C1E1C1D83AB0D /* Data+Zeroing.swift in Sources */,
				CE0064A02F6492D8008604AB /* KeyProfile+App.swift in Sources */,
				CE0064BA2F649539008604AB /* AppRoute.swift in Sources */,
			);
			runOnlyForDeploymentPostprocessing = 0;
		};
/* End PBXSourcesBuildPhase section */

/* Begin PBXTargetDependency section */
		B51F50D442CECA0DC382B0B8 /* PBXTargetDependency */ = {
			isa = PBXTargetDependency;
			target = 8054D4FD1FA30AED22F9BF1B /* CypherAir */;
			targetProxy = 32C730DD6EFCF294DA3EC493 /* PBXContainerItemProxy */;
		};
/* End PBXTargetDependency section */

/* Begin XCBuildConfiguration section */
		318728F63CA0892A26F32057 /* Debug */ = {
			isa = XCBuildConfiguration;
			buildSettings = {
				BUNDLE_LOADER = "$(TEST_HOST)";
				ENABLE_USER_SCRIPT_SANDBOXING = NO;
				GENERATE_INFOPLIST_FILE = YES;
				HEADER_SEARCH_PATHS = (
					"$(inherited)",
					"$(PROJECT_DIR)/bindings",
				);
				IPHONEOS_DEPLOYMENT_TARGET = 26.4;
				LD_RUNPATH_SEARCH_PATHS = (
					"$(inherited)",
					"@executable_path/Frameworks",
					"@loader_path/Frameworks",
				);
				MACOSX_DEPLOYMENT_TARGET = 26.4;
				OTHER_CFLAGS = (
					"$(inherited)",
					"-fmodule-map-file=$(PROJECT_DIR)/bindings/module.modulemap",
				);
				OTHER_SWIFT_FLAGS = "$(inherited) -Xcc -fmodule-map-file=$(PROJECT_DIR)/bindings/module.modulemap";
				PRODUCT_BUNDLE_IDENTIFIER = com.cypherair.tests;
				SDKROOT = iphoneos;
				SWIFT_INCLUDE_PATHS = "$(inherited) $(PROJECT_DIR)/bindings";
				TARGETED_DEVICE_FAMILY = "1,2";
				TEST_HOST = "$(BUILT_PRODUCTS_DIR)/CypherAir.app/$(BUNDLE_EXECUTABLE_FOLDER_PATH)/CypherAir";
			};
			name = Debug;
		};
		7238E936CABAED3287ACA9BE /* Release */ = {
			isa = XCBuildConfiguration;
			buildSettings = {
				BUNDLE_LOADER = "$(TEST_HOST)";
				ENABLE_USER_SCRIPT_SANDBOXING = NO;
				GENERATE_INFOPLIST_FILE = YES;
				HEADER_SEARCH_PATHS = (
					"$(inherited)",
					"$(PROJECT_DIR)/bindings",
				);
				IPHONEOS_DEPLOYMENT_TARGET = 26.4;
				LD_RUNPATH_SEARCH_PATHS = (
					"$(inherited)",
					"@executable_path/Frameworks",
					"@loader_path/Frameworks",
				);
				MACOSX_DEPLOYMENT_TARGET = 26.4;
				OTHER_CFLAGS = (
					"$(inherited)",
					"-fmodule-map-file=$(PROJECT_DIR)/bindings/module.modulemap",
				);
				OTHER_SWIFT_FLAGS = "$(inherited) -Xcc -fmodule-map-file=$(PROJECT_DIR)/bindings/module.modulemap";
				PRODUCT_BUNDLE_IDENTIFIER = com.cypherair.tests;
				SDKROOT = iphoneos;
				SWIFT_INCLUDE_PATHS = "$(inherited) $(PROJECT_DIR)/bindings";
				TARGETED_DEVICE_FAMILY = "1,2";
				TEST_HOST = "$(BUILT_PRODUCTS_DIR)/CypherAir.app/$(BUNDLE_EXECUTABLE_FOLDER_PATH)/CypherAir";
			};
			name = Release;
		};
		9CFBA2EC9EDDA475993AE930 /* Release */ = {
			isa = XCBuildConfiguration;
			buildSettings = {
				ARCHS = "$(ARCHS_STANDARD)";
				ASSETCATALOG_COMPILER_ALTERNATE_APPICON_NAMES = "AppIconC AppIconB AppIcon";
				ASSETCATALOG_COMPILER_APPICON_NAME = AppIconA;
				ASSETCATALOG_COMPILER_INCLUDE_ALL_APPICON_ASSETS = YES;
				CLANG_WARN_COMPLETION_HANDLER_MISUSE = YES;
				CLANG_WARN_OBJC_MISSING_PROPERTY_SYNTHESIS = YES;
				"CODE_SIGN_ENTITLEMENTS[sdk=*]" = CypherAir.entitlements;
				"CODE_SIGN_ENTITLEMENTS[sdk=macosx*]" = CypherAirMacOS.entitlements;
				CODE_SIGN_IDENTITY = "Apple Development";
				CURRENT_PROJECT_VERSION = 2;
				ENABLE_APP_SANDBOX = YES;
				ENABLE_CPLUSPLUS_BOUNDS_SAFE_BUFFERS = YES;
				ENABLE_C_BOUNDS_SAFETY = YES;
				ENABLE_ENHANCED_SECURITY = YES;
				ENABLE_HARDENED_RUNTIME = YES;
				ENABLE_POINTER_AUTHENTICATION = NO;
				GCC_NO_COMMON_BLOCKS = YES;
				GENERATE_INFOPLIST_FILE = YES;
				HEADER_SEARCH_PATHS = (
					"$(inherited)",
					"$(PROJECT_DIR)/bindings",
				);
				INFOPLIST_FILE = "CypherAir-Info.plist";
				INFOPLIST_KEY_CFBundleDisplayName = CypherAir;
				INFOPLIST_KEY_ITSAppUsesNonExemptEncryption = NO;
				INFOPLIST_KEY_LSApplicationCategoryType = "public.app-category.utilities";
				INFOPLIST_KEY_LSSupportsOpeningDocumentsInPlace = YES;
				INFOPLIST_KEY_NSFaceIDUsageDescription = "CypherAir uses FaceID to protect your secret keys.";
				INFOPLIST_KEY_NSHumanReadableCopyright = CypherAir;
				INFOPLIST_KEY_UILaunchScreen_Generation = YES;
				INFOPLIST_KEY_UIStatusBarStyle = UIStatusBarStyleDefault;
				INFOPLIST_KEY_UISupportedInterfaceOrientations = "UIInterfaceOrientationLandscapeLeft UIInterfaceOrientationLandscapeRight UIInterfaceOrientationPortrait UIInterfaceOrientationPortraitUpsideDown";
				IPHONEOS_DEPLOYMENT_TARGET = 26.4;
				LD_RUNPATH_SEARCH_PATHS = (
					"$(inherited)",
					"@executable_path/Frameworks",
				);
				LIBRARY_SEARCH_PATHS = "$(inherited)";
				"LIBRARY_SEARCH_PATHS[sdk=iphoneos*]" = (
					"$(inherited)",
					"$(PROJECT_DIR)/pgp-mobile/target/aarch64-apple-ios/release",
				);
				"LIBRARY_SEARCH_PATHS[sdk=iphonesimulator*]" = (
					"$(inherited)",
					"$(PROJECT_DIR)/pgp-mobile/target/aarch64-apple-ios-sim/release",
				);
				"LIBRARY_SEARCH_PATHS[sdk=macosx*]" = (
					"$(inherited)",
					"$(PROJECT_DIR)/pgp-mobile/target/aarch64-apple-darwin/release",
				);
				MACOSX_DEPLOYMENT_TARGET = 26.4;
				MARKETING_VERSION = 1.1.9;
				OTHER_CFLAGS = (
					"$(inherited)",
					"-fmodule-map-file=$(PROJECT_DIR)/bindings/module.modulemap",
				);
				OTHER_LDFLAGS = (
					"$(inherited)",
					"-lpgp_mobile",
				);
				OTHER_SWIFT_FLAGS = "$(inherited) -Xcc -fmodule-map-file=$(PROJECT_DIR)/bindings/module.modulemap";
				PRODUCT_BUNDLE_IDENTIFIER = com.cypherair.cypherair;
				REGISTER_APP_GROUPS = YES;
				SDKROOT = iphoneos;
				SUPPORTED_PLATFORMS = "iphoneos iphonesimulator macosx";
				SUPPORTS_MACCATALYST = NO;
				SUPPORTS_MAC_DESIGNED_FOR_IPHONE_IPAD = NO;
				SUPPORTS_XR_DESIGNED_FOR_IPHONE_IPAD = NO;
				SWIFT_APPROACHABLE_CONCURRENCY = YES;
				SWIFT_DEFAULT_ACTOR_ISOLATION = nonisolated;
				SWIFT_INCLUDE_PATHS = "$(inherited) $(PROJECT_DIR)/bindings";
				TARGETED_DEVICE_FAMILY = "1,2";
				TVOS_DEPLOYMENT_TARGET = 26.4;
				WATCHOS_DEPLOYMENT_TARGET = 26.4;
				XROS_DEPLOYMENT_TARGET = 26.4;
			};
			name = Release;
		};
		AA45A02A118F55C4CF92A72A /* Release */ = {
			isa = XCBuildConfiguration;
			buildSettings = {
				ARCHS = "$(ARCHS_STANDARD)";
				ASSETCATALOG_COMPILER_GENERATE_SWIFT_ASSET_SYMBOL_EXTENSIONS = YES;
				ASSETCATALOG_COMPILER_INCLUDE_ALL_APPICON_ASSETS = YES;
				CLANG_ANALYZER_LOCALIZABILITY_NONLOCALIZED = YES;
				CLANG_ANALYZER_NONNULL = YES;
				CLANG_ANALYZER_NUMBER_OBJECT_CONVERSION = YES_AGGRESSIVE;
				CLANG_CXX_LANGUAGE_STANDARD = "gnu++23";
				CLANG_CXX_LIBRARY = "libc++";
				CLANG_ENABLE_MODULES = YES;
				CLANG_ENABLE_OBJC_ARC = YES;
				CLANG_ENABLE_OBJC_WEAK = YES;
				CLANG_WARN_BLOCK_CAPTURE_AUTORELEASING = YES;
				CLANG_WARN_BOOL_CONVERSION = YES;
				CLANG_WARN_COMMA = YES;
				CLANG_WARN_CONSTANT_CONVERSION = YES;
				CLANG_WARN_DEPRECATED_OBJC_IMPLEMENTATIONS = YES;
				CLANG_WARN_DIRECT_OBJC_ISA_USAGE = YES_ERROR;
				CLANG_WARN_DOCUMENTATION_COMMENTS = YES;
				CLANG_WARN_EMPTY_BODY = YES;
				CLANG_WARN_ENUM_CONVERSION = YES;
				CLANG_WARN_INFINITE_RECURSION = YES;
				CLANG_WARN_INT_CONVERSION = YES;
				CLANG_WARN_NON_LITERAL_NULL_CONVERSION = YES;
				CLANG_WARN_OBJC_IMPLICIT_RETAIN_SELF = YES;
				CLANG_WARN_OBJC_LITERAL_CONVERSION = YES;
				CLANG_WARN_OBJC_ROOT_CLASS = YES_ERROR;
				CLANG_WARN_QUOTED_INCLUDE_IN_FRAMEWORK_HEADER = YES;
				CLANG_WARN_RANGE_LOOP_ANALYSIS = YES;
				CLANG_WARN_STRICT_PROTOTYPES = YES;
				CLANG_WARN_SUSPICIOUS_MOVE = YES;
				CLANG_WARN_UNGUARDED_AVAILABILITY = YES_AGGRESSIVE;
				CLANG_WARN_UNREACHABLE_CODE = YES;
				CLANG_WARN__DUPLICATE_METHOD_MATCH = YES;
				"CODE_SIGN_ENTITLEMENTS[sdk=macosx*]" = CypherAirMacOS.entitlements;
				DEBUG_INFORMATION_FORMAT = "dwarf-with-dsym";
				DEVELOPMENT_TEAM = Y2ZPV6SKBT;
				ENABLE_CPLUSPLUS_BOUNDS_SAFE_BUFFERS = YES;
				ENABLE_C_BOUNDS_SAFETY = YES;
				ENABLE_ENHANCED_SECURITY = YES;
				ENABLE_NS_ASSERTIONS = NO;
				ENABLE_POINTER_AUTHENTICATION = NO;
				ENABLE_STRICT_OBJC_MSGSEND = YES;
				ENABLE_USER_SCRIPT_SANDBOXING = YES;
				EXCLUDED_ARCHS = x86_64;
				GCC_C_LANGUAGE_STANDARD = gnu23;
				GCC_NO_COMMON_BLOCKS = YES;
				GCC_WARN_64_TO_32_BIT_CONVERSION = YES;
				GCC_WARN_ABOUT_RETURN_TYPE = YES_ERROR;
				GCC_WARN_UNDECLARED_SELECTOR = YES;
				GCC_WARN_UNINITIALIZED_AUTOS = YES_AGGRESSIVE;
				GCC_WARN_UNUSED_FUNCTION = YES;
				GCC_WARN_UNUSED_VARIABLE = YES;
				INFOPLIST_KEY_ITSAppUsesNonExemptEncryption = NO;
				INFOPLIST_KEY_LSSupportsOpeningDocumentsInPlace = YES;
				INFOPLIST_KEY_UILaunchScreen_Generation = YES;
				IPHONEOS_DEPLOYMENT_TARGET = 26.4;
				MTL_ENABLE_DEBUG_INFO = NO;
				ONLY_ACTIVE_ARCH = YES;
				PRODUCT_NAME = "$(TARGET_NAME)";
				SDKROOT = iphoneos;
				STRING_CATALOG_GENERATE_SYMBOLS = YES;
				SUPPORTED_PLATFORMS = "iphonesimulator iphoneos macosx";
				SWIFT_APPROACHABLE_CONCURRENCY = YES;
				SWIFT_COMPILATION_MODE = wholemodule;
				SWIFT_DEFAULT_ACTOR_ISOLATION = nonisolated;
				SWIFT_OPTIMIZATION_LEVEL = "-O";
				SWIFT_STRICT_CONCURRENCY = complete;
				SWIFT_VERSION = 6.0;
			};
			name = Release;
		};
		C323F444EE97F048F7C4938B /* Debug */ = {
			isa = XCBuildConfiguration;
			buildSettings = {
				ARCHS = "$(ARCHS_STANDARD)";
				ASSETCATALOG_COMPILER_GENERATE_SWIFT_ASSET_SYMBOL_EXTENSIONS = YES;
				ASSETCATALOG_COMPILER_INCLUDE_ALL_APPICON_ASSETS = YES;
				CLANG_ANALYZER_LOCALIZABILITY_NONLOCALIZED = YES;
				CLANG_ANALYZER_NONNULL = YES;
				CLANG_ANALYZER_NUMBER_OBJECT_CONVERSION = YES_AGGRESSIVE;
				CLANG_CXX_LANGUAGE_STANDARD = "gnu++23";
				CLANG_CXX_LIBRARY = "libc++";
				CLANG_ENABLE_MODULES = YES;
				CLANG_ENABLE_OBJC_ARC = YES;
				CLANG_ENABLE_OBJC_WEAK = YES;
				CLANG_WARN_BLOCK_CAPTURE_AUTORELEASING = YES;
				CLANG_WARN_BOOL_CONVERSION = YES;
				CLANG_WARN_COMMA = YES;
				CLANG_WARN_CONSTANT_CONVERSION = YES;
				CLANG_WARN_DEPRECATED_OBJC_IMPLEMENTATIONS = YES;
				CLANG_WARN_DIRECT_OBJC_ISA_USAGE = YES_ERROR;
				CLANG_WARN_DOCUMENTATION_COMMENTS = YES;
				CLANG_WARN_EMPTY_BODY = YES;
				CLANG_WARN_ENUM_CONVERSION = YES;
				CLANG_WARN_INFINITE_RECURSION = YES;
				CLANG_WARN_INT_CONVERSION = YES;
				CLANG_WARN_NON_LITERAL_NULL_CONVERSION = YES;
				CLANG_WARN_OBJC_IMPLICIT_RETAIN_SELF = YES;
				CLANG_WARN_OBJC_LITERAL_CONVERSION = YES;
				CLANG_WARN_OBJC_ROOT_CLASS = YES_ERROR;
				CLANG_WARN_QUOTED_INCLUDE_IN_FRAMEWORK_HEADER = YES;
				CLANG_WARN_RANGE_LOOP_ANALYSIS = YES;
				CLANG_WARN_STRICT_PROTOTYPES = YES;
				CLANG_WARN_SUSPICIOUS_MOVE = YES;
				CLANG_WARN_UNGUARDED_AVAILABILITY = YES_AGGRESSIVE;
				CLANG_WARN_UNREACHABLE_CODE = YES;
				CLANG_WARN__DUPLICATE_METHOD_MATCH = YES;
				"CODE_SIGN_ENTITLEMENTS[sdk=macosx*]" = CypherAirMacOS.entitlements;
				DEBUG_INFORMATION_FORMAT = "dwarf-with-dsym";
				DEVELOPMENT_TEAM = Y2ZPV6SKBT;
				ENABLE_CPLUSPLUS_BOUNDS_SAFE_BUFFERS = YES;
				ENABLE_C_BOUNDS_SAFETY = YES;
				ENABLE_ENHANCED_SECURITY = YES;
				ENABLE_NS_ASSERTIONS = YES;
				ENABLE_POINTER_AUTHENTICATION = NO;
				ENABLE_STRICT_OBJC_MSGSEND = YES;
				ENABLE_TESTABILITY = YES;
				ENABLE_USER_SCRIPT_SANDBOXING = YES;
				EXCLUDED_ARCHS = x86_64;
				GCC_C_LANGUAGE_STANDARD = gnu23;
				GCC_NO_COMMON_BLOCKS = YES;
				GCC_OPTIMIZATION_LEVEL = 0;
				GCC_PREPROCESSOR_DEFINITIONS = (
					"$(inherited)",
					"DEBUG=1",
				);
				GCC_WARN_64_TO_32_BIT_CONVERSION = YES;
				GCC_WARN_ABOUT_RETURN_TYPE = YES_ERROR;
				GCC_WARN_UNDECLARED_SELECTOR = YES;
				GCC_WARN_UNINITIALIZED_AUTOS = YES_AGGRESSIVE;
				GCC_WARN_UNUSED_FUNCTION = YES;
				GCC_WARN_UNUSED_VARIABLE = YES;
				INFOPLIST_KEY_ITSAppUsesNonExemptEncryption = NO;
				INFOPLIST_KEY_LSSupportsOpeningDocumentsInPlace = YES;
				INFOPLIST_KEY_UILaunchScreen_Generation = YES;
				IPHONEOS_DEPLOYMENT_TARGET = 26.4;
				MTL_ENABLE_DEBUG_INFO = INCLUDE_SOURCE;
				ONLY_ACTIVE_ARCH = YES;
				PRODUCT_NAME = "$(TARGET_NAME)";
				SDKROOT = iphoneos;
				STRING_CATALOG_GENERATE_SYMBOLS = YES;
				SUPPORTED_PLATFORMS = "iphonesimulator iphoneos macosx";
				SWIFT_ACTIVE_COMPILATION_CONDITIONS = DEBUG;
				SWIFT_APPROACHABLE_CONCURRENCY = YES;
				SWIFT_DEFAULT_ACTOR_ISOLATION = nonisolated;
				SWIFT_OPTIMIZATION_LEVEL = "-Onone";
				SWIFT_STRICT_CONCURRENCY = complete;
				SWIFT_VERSION = 6.0;
			};
			name = Debug;
		};
		C4095C3642D041F59C91EDF2 /* Debug */ = {
			isa = XCBuildConfiguration;
			buildSettings = {
				ARCHS = "$(ARCHS_STANDARD)";
				ASSETCATALOG_COMPILER_ALTERNATE_APPICON_NAMES = "AppIconC AppIconB AppIcon";
				ASSETCATALOG_COMPILER_APPICON_NAME = AppIconA;
				ASSETCATALOG_COMPILER_INCLUDE_ALL_APPICON_ASSETS = YES;
				CLANG_WARN_COMPLETION_HANDLER_MISUSE = YES;
				CLANG_WARN_OBJC_MISSING_PROPERTY_SYNTHESIS = YES;
				"CODE_SIGN_ENTITLEMENTS[sdk=*]" = CypherAir.entitlements;
				"CODE_SIGN_ENTITLEMENTS[sdk=macosx*]" = CypherAirMacOS.entitlements;
				CODE_SIGN_IDENTITY = "Apple Development";
				CURRENT_PROJECT_VERSION = 2;
				ENABLE_APP_SANDBOX = YES;
				ENABLE_CPLUSPLUS_BOUNDS_SAFE_BUFFERS = YES;
				ENABLE_C_BOUNDS_SAFETY = YES;
				ENABLE_ENHANCED_SECURITY = YES;
				ENABLE_HARDENED_RUNTIME = YES;
				ENABLE_POINTER_AUTHENTICATION = NO;
				GCC_NO_COMMON_BLOCKS = YES;
				GENERATE_INFOPLIST_FILE = YES;
				HEADER_SEARCH_PATHS = (
					"$(inherited)",
					"$(PROJECT_DIR)/bindings",
				);
				INFOPLIST_FILE = "CypherAir-Info.plist";
				INFOPLIST_KEY_CFBundleDisplayName = CypherAir;
				INFOPLIST_KEY_ITSAppUsesNonExemptEncryption = NO;
				INFOPLIST_KEY_LSApplicationCategoryType = "public.app-category.utilities";
				INFOPLIST_KEY_LSSupportsOpeningDocumentsInPlace = YES;
				INFOPLIST_KEY_NSFaceIDUsageDescription = "CypherAir uses FaceID to protect your secret keys.";
				INFOPLIST_KEY_NSHumanReadableCopyright = CypherAir;
				INFOPLIST_KEY_UILaunchScreen_Generation = YES;
				INFOPLIST_KEY_UIStatusBarStyle = UIStatusBarStyleDefault;
				INFOPLIST_KEY_UISupportedInterfaceOrientations = "UIInterfaceOrientationLandscapeLeft UIInterfaceOrientationLandscapeRight UIInterfaceOrientationPortrait UIInterfaceOrientationPortraitUpsideDown";
				IPHONEOS_DEPLOYMENT_TARGET = 26.4;
				LD_RUNPATH_SEARCH_PATHS = (
					"$(inherited)",
					"@executable_path/Frameworks",
				);
				LIBRARY_SEARCH_PATHS = "$(inherited)";
				"LIBRARY_SEARCH_PATHS[sdk=iphoneos*]" = (
					"$(inherited)",
					"$(PROJECT_DIR)/pgp-mobile/target/aarch64-apple-ios/release",
				);
				"LIBRARY_SEARCH_PATHS[sdk=iphonesimulator*]" = (
					"$(inherited)",
					"$(PROJECT_DIR)/pgp-mobile/target/aarch64-apple-ios-sim/release",
				);
				"LIBRARY_SEARCH_PATHS[sdk=macosx*]" = (
					"$(inherited)",
					"$(PROJECT_DIR)/pgp-mobile/target/aarch64-apple-darwin/release",
				);
				MACOSX_DEPLOYMENT_TARGET = 26.4;
				MARKETING_VERSION = 1.1.9;
				OTHER_CFLAGS = (
					"$(inherited)",
					"-fmodule-map-file=$(PROJECT_DIR)/bindings/module.modulemap",
				);
				OTHER_LDFLAGS = (
					"$(inherited)",
					"-lpgp_mobile",
				);
				OTHER_SWIFT_FLAGS = "$(inherited) -Xcc -fmodule-map-file=$(PROJECT_DIR)/bindings/module.modulemap";
				PRODUCT_BUNDLE_IDENTIFIER = com.cypherair.cypherair;
				REGISTER_APP_GROUPS = YES;
				SDKROOT = iphoneos;
				SUPPORTED_PLATFORMS = "iphoneos iphonesimulator macosx";
				SUPPORTS_MACCATALYST = NO;
				SUPPORTS_MAC_DESIGNED_FOR_IPHONE_IPAD = NO;
				SUPPORTS_XR_DESIGNED_FOR_IPHONE_IPAD = NO;
				SWIFT_APPROACHABLE_CONCURRENCY = YES;
				SWIFT_DEFAULT_ACTOR_ISOLATION = nonisolated;
				SWIFT_INCLUDE_PATHS = "$(inherited) $(PROJECT_DIR)/bindings";
				TARGETED_DEVICE_FAMILY = "1,2";
				TVOS_DEPLOYMENT_TARGET = 26.4;
				WATCHOS_DEPLOYMENT_TARGET = 26.4;
				XROS_DEPLOYMENT_TARGET = 26.4;
			};
			name = Debug;
		};
/* End XCBuildConfiguration section */

/* Begin XCConfigurationList section */
		04FFA0AC2AEDE901A06224E1 /* Build configuration list for PBXNativeTarget "CypherAir" */ = {
			isa = XCConfigurationList;
			buildConfigurations = (
				C4095C3642D041F59C91EDF2 /* Debug */,
				9CFBA2EC9EDDA475993AE930 /* Release */,
			);
			defaultConfigurationIsVisible = 0;
			defaultConfigurationName = Debug;
		};
		5587EF2BB001B4E86E85C261 /* Build configuration list for PBXNativeTarget "CypherAirTests" */ = {
			isa = XCConfigurationList;
			buildConfigurations = (
				318728F63CA0892A26F32057 /* Debug */,
				7238E936CABAED3287ACA9BE /* Release */,
			);
			defaultConfigurationIsVisible = 0;
			defaultConfigurationName = Debug;
		};
		55F48F6BE6300530916BF414 /* Build configuration list for PBXProject "CypherAir" */ = {
			isa = XCConfigurationList;
			buildConfigurations = (
				C323F444EE97F048F7C4938B /* Debug */,
				AA45A02A118F55C4CF92A72A /* Release */,
			);
			defaultConfigurationIsVisible = 0;
			defaultConfigurationName = Debug;
		};
/* End XCConfigurationList section */
	};
	rootObject = 987D9FF41AF85DBF5445FC9C /* Project object */;
}
